// !$*UTF8*$!
{
	archiveVersion = 1;
	classes = {
	};
	objectVersion = 56;
	objects = {

/* Begin PBXBuildFile section */
		528525A52B55B8350017CD17 /* NaverMapDemoApp.swift in Sources */ = {isa = PBXBuildFile; fileRef = 528525A42B55B8350017CD17 /* NaverMapDemoApp.swift */; };
		528525A72B55B8350017CD17 /* ContentView.swift in Sources */ = {isa = PBXBuildFile; fileRef = 528525A62B55B8350017CD17 /* ContentView.swift */; };
		528525A92B55B8360017CD17 /* Assets.xcassets in Resources */ = {isa = PBXBuildFile; fileRef = 528525A82B55B8360017CD17 /* Assets.xcassets */; };
		528525AC2B55B8360017CD17 /* Preview Assets.xcassets in Resources */ = {isa = PBXBuildFile; fileRef = 528525AB2B55B8360017CD17 /* Preview Assets.xcassets */; };
		528525B42B55BB2C0017CD17 /* tempView.swift in Sources */ = {isa = PBXBuildFile; fileRef = 528525B32B55BB2C0017CD17 /* tempView.swift */; };
		52D375252B67249700EE200F /* LoginView.swift in Sources */ = {isa = PBXBuildFile; fileRef = 52D375242B67249700EE200F /* LoginView.swift */; };
		52D375272B67271C00EE200F /* GoogleService-Info.plist in Resources */ = {isa = PBXBuildFile; fileRef = 52D375262B67271C00EE200F /* GoogleService-Info.plist */; };
		52D3752A2B672BCD00EE200F /* LoginViewModel.swift in Sources */ = {isa = PBXBuildFile; fileRef = 52D375292B672BCD00EE200F /* LoginViewModel.swift */; };
		52D3752C2B672C1400EE200F /* Color+Extension.swift in Sources */ = {isa = PBXBuildFile; fileRef = 52D3752B2B672C1400EE200F /* Color+Extension.swift */; };
		52D3752E2B67676A00EE200F /* PhoneNumberView.swift in Sources */ = {isa = PBXBuildFile; fileRef = 52D3752D2B67676A00EE200F /* PhoneNumberView.swift */; };
		52D375302B6767AB00EE200F /* CountryNumbers.json in Resources */ = {isa = PBXBuildFile; fileRef = 52D3752F2B6767AB00EE200F /* CountryNumbers.json */; };
		52D375322B6767C400EE200F /* CPData.swift in Sources */ = {isa = PBXBuildFile; fileRef = 52D375312B6767C400EE200F /* CPData.swift */; };
		52D375392B678F0700EE200F /* OTPVerificationView.swift in Sources */ = {isa = PBXBuildFile; fileRef = 52D375382B678F0700EE200F /* OTPVerificationView.swift */; };
		52EE56B72B5AED6500C6D423 /* MapView.swift in Sources */ = {isa = PBXBuildFile; fileRef = 52EE56B62B5AED6500C6D423 /* MapView.swift */; };
		52EE56B92B5D7DB500C6D423 /* Places.swift in Sources */ = {isa = PBXBuildFile; fileRef = 52EE56B82B5D7DB500C6D423 /* Places.swift */; };
		52EE56BB2B5D94D400C6D423 /* tempPlace.swift in Sources */ = {isa = PBXBuildFile; fileRef = 52EE56BA2B5D94D400C6D423 /* tempPlace.swift */; };
		E1758C01E084FE5C051689FF /* Pods_NaverMapDemo.framework in Frameworks */ = {isa = PBXBuildFile; fileRef = 9CC0246D6067CDF9BEFE0C18 /* Pods_NaverMapDemo.framework */; };
/* End PBXBuildFile section */

/* Begin PBXFileReference section */
		3D96A071321C419AA77C0B7E /* Pods-NaverMapDemo.release.xcconfig */ = {isa = PBXFileReference; includeInIndex = 1; lastKnownFileType = text.xcconfig; name = "Pods-NaverMapDemo.release.xcconfig"; path = "Target Support Files/Pods-NaverMapDemo/Pods-NaverMapDemo.release.xcconfig"; sourceTree = "<group>"; };
		528525A12B55B8350017CD17 /* NaverMapDemo.app */ = {isa = PBXFileReference; explicitFileType = wrapper.application; includeInIndex = 0; path = NaverMapDemo.app; sourceTree = BUILT_PRODUCTS_DIR; };
		528525A42B55B8350017CD17 /* NaverMapDemoApp.swift */ = {isa = PBXFileReference; lastKnownFileType = sourcecode.swift; path = NaverMapDemoApp.swift; sourceTree = "<group>"; };
		528525A62B55B8350017CD17 /* ContentView.swift */ = {isa = PBXFileReference; lastKnownFileType = sourcecode.swift; path = ContentView.swift; sourceTree = "<group>"; };
		528525A82B55B8360017CD17 /* Assets.xcassets */ = {isa = PBXFileReference; lastKnownFileType = folder.assetcatalog; path = Assets.xcassets; sourceTree = "<group>"; };
		528525AB2B55B8360017CD17 /* Preview Assets.xcassets */ = {isa = PBXFileReference; lastKnownFileType = folder.assetcatalog; path = "Preview Assets.xcassets"; sourceTree = "<group>"; };
		528525B22B55B9BC0017CD17 /* Info.plist */ = {isa = PBXFileReference; lastKnownFileType = text.plist; path = Info.plist; sourceTree = "<group>"; };
		528525B32B55BB2C0017CD17 /* tempView.swift */ = {isa = PBXFileReference; lastKnownFileType = sourcecode.swift; path = tempView.swift; sourceTree = "<group>"; };
		52D375242B67249700EE200F /* LoginView.swift */ = {isa = PBXFileReference; lastKnownFileType = sourcecode.swift; path = LoginView.swift; sourceTree = "<group>"; };
		52D375262B67271C00EE200F /* GoogleService-Info.plist */ = {isa = PBXFileReference; fileEncoding = 4; lastKnownFileType = text.plist.xml; path = "GoogleService-Info.plist"; sourceTree = "<group>"; };
		52D375282B672B8100EE200F /* NaverMapDemo.entitlements */ = {isa = PBXFileReference; lastKnownFileType = text.plist.entitlements; path = NaverMapDemo.entitlements; sourceTree = "<group>"; };
		52D375292B672BCD00EE200F /* LoginViewModel.swift */ = {isa = PBXFileReference; lastKnownFileType = sourcecode.swift; path = LoginViewModel.swift; sourceTree = "<group>"; };
		52D3752B2B672C1400EE200F /* Color+Extension.swift */ = {isa = PBXFileReference; lastKnownFileType = sourcecode.swift; path = "Color+Extension.swift"; sourceTree = "<group>"; };
		52D3752D2B67676A00EE200F /* PhoneNumberView.swift */ = {isa = PBXFileReference; lastKnownFileType = sourcecode.swift; path = PhoneNumberView.swift; sourceTree = "<group>"; };
		52D3752F2B6767AB00EE200F /* CountryNumbers.json */ = {isa = PBXFileReference; fileEncoding = 4; lastKnownFileType = text.json; path = CountryNumbers.json; sourceTree = "<group>"; };
		52D375312B6767C400EE200F /* CPData.swift */ = {isa = PBXFileReference; lastKnownFileType = sourcecode.swift; path = CPData.swift; sourceTree = "<group>"; };
		52D375382B678F0700EE200F /* OTPVerificationView.swift */ = {isa = PBXFileReference; lastKnownFileType = sourcecode.swift; path = OTPVerificationView.swift; sourceTree = "<group>"; };
		52EE56B62B5AED6500C6D423 /* MapView.swift */ = {isa = PBXFileReference; lastKnownFileType = sourcecode.swift; path = MapView.swift; sourceTree = "<group>"; };
		52EE56B82B5D7DB500C6D423 /* Places.swift */ = {isa = PBXFileReference; lastKnownFileType = sourcecode.swift; path = Places.swift; sourceTree = "<group>"; };
		52EE56BA2B5D94D400C6D423 /* tempPlace.swift */ = {isa = PBXFileReference; lastKnownFileType = sourcecode.swift; path = tempPlace.swift; sourceTree = "<group>"; };
		56558CF1F1C59EFB8F5E230B /* Pods-NaverMapDemo.debug.xcconfig */ = {isa = PBXFileReference; includeInIndex = 1; lastKnownFileType = text.xcconfig; name = "Pods-NaverMapDemo.debug.xcconfig"; path = "Target Support Files/Pods-NaverMapDemo/Pods-NaverMapDemo.debug.xcconfig"; sourceTree = "<group>"; };
		9CC0246D6067CDF9BEFE0C18 /* Pods_NaverMapDemo.framework */ = {isa = PBXFileReference; explicitFileType = wrapper.framework; includeInIndex = 0; path = Pods_NaverMapDemo.framework; sourceTree = BUILT_PRODUCTS_DIR; };
/* End PBXFileReference section */

/* Begin PBXFrameworksBuildPhase section */
		5285259E2B55B8350017CD17 /* Frameworks */ = {
			isa = PBXFrameworksBuildPhase;
			buildActionMask = 2147483647;
			files = (
				E1758C01E084FE5C051689FF /* Pods_NaverMapDemo.framework in Frameworks */,
			);
			runOnlyForDeploymentPostprocessing = 0;
		};
/* End PBXFrameworksBuildPhase section */

/* Begin PBXGroup section */
		027B10FC1239996E5A0B1E7F /* Pods */ = {
			isa = PBXGroup;
			children = (
				56558CF1F1C59EFB8F5E230B /* Pods-NaverMapDemo.debug.xcconfig */,
				3D96A071321C419AA77C0B7E /* Pods-NaverMapDemo.release.xcconfig */,
			);
			path = Pods;
			sourceTree = "<group>";
		};
		528525982B55B8350017CD17 = {
			isa = PBXGroup;
			children = (
				528525A32B55B8350017CD17 /* NaverMapDemo */,
				528525A22B55B8350017CD17 /* Products */,
				027B10FC1239996E5A0B1E7F /* Pods */,
				72F79033DD7C6BB0D802E0B4 /* Frameworks */,
			);
			sourceTree = "<group>";
		};
		528525A22B55B8350017CD17 /* Products */ = {
			isa = PBXGroup;
			children = (
				528525A12B55B8350017CD17 /* NaverMapDemo.app */,
			);
			name = Products;
			sourceTree = "<group>";
		};
		528525A32B55B8350017CD17 /* NaverMapDemo */ = {
			isa = PBXGroup;
			children = (
				52D375282B672B8100EE200F /* NaverMapDemo.entitlements */,
				52D375382B678F0700EE200F /* OTPVerificationView.swift */,
				528525B22B55B9BC0017CD17 /* Info.plist */,
				52D3752F2B6767AB00EE200F /* CountryNumbers.json */,
				528525A42B55B8350017CD17 /* NaverMapDemoApp.swift */,
				528525A62B55B8350017CD17 /* ContentView.swift */,
				52EE56B62B5AED6500C6D423 /* MapView.swift */,
				528525B32B55BB2C0017CD17 /* tempView.swift */,
				52EE56B82B5D7DB500C6D423 /* Places.swift */,
				528525A82B55B8360017CD17 /* Assets.xcassets */,
				528525AA2B55B8360017CD17 /* Preview Content */,
				52EE56BA2B5D94D400C6D423 /* tempPlace.swift */,
				52D375242B67249700EE200F /* LoginView.swift */,
				52D375262B67271C00EE200F /* GoogleService-Info.plist */,
				52D375292B672BCD00EE200F /* LoginViewModel.swift */,
				52D3752B2B672C1400EE200F /* Color+Extension.swift */,
				52D3752D2B67676A00EE200F /* PhoneNumberView.swift */,
				52D375312B6767C400EE200F /* CPData.swift */,
			);
			path = NaverMapDemo;
			sourceTree = "<group>";
		};
		528525AA2B55B8360017CD17 /* Preview Content */ = {
			isa = PBXGroup;
			children = (
				528525AB2B55B8360017CD17 /* Preview Assets.xcassets */,
			);
			path = "Preview Content";
			sourceTree = "<group>";
		};
		72F79033DD7C6BB0D802E0B4 /* Frameworks */ = {
			isa = PBXGroup;
			children = (
				9CC0246D6067CDF9BEFE0C18 /* Pods_NaverMapDemo.framework */,
			);
			name = Frameworks;
			sourceTree = "<group>";
		};
/* End PBXGroup section */

/* Begin PBXNativeTarget section */
		528525A02B55B8350017CD17 /* NaverMapDemo */ = {
			isa = PBXNativeTarget;
			buildConfigurationList = 528525AF2B55B8360017CD17 /* Build configuration list for PBXNativeTarget "NaverMapDemo" */;
			buildPhases = (
				105127FE3CBB56DE598ECBA1 /* [CP] Check Pods Manifest.lock */,
				5285259D2B55B8350017CD17 /* Sources */,
				5285259E2B55B8350017CD17 /* Frameworks */,
				5285259F2B55B8350017CD17 /* Resources */,
				DFAF716AA08DB8628953B208 /* [CP] Embed Pods Frameworks */,
			);
			buildRules = (
			);
			dependencies = (
			);
			name = NaverMapDemo;
			productName = NaverMapDemo;
			productReference = 528525A12B55B8350017CD17 /* NaverMapDemo.app */;
			productType = "com.apple.product-type.application";
		};
/* End PBXNativeTarget section */

/* Begin PBXProject section */
		528525992B55B8350017CD17 /* Project object */ = {
			isa = PBXProject;
			attributes = {
				BuildIndependentTargetsInParallel = 1;
				LastSwiftUpdateCheck = 1520;
				LastUpgradeCheck = 1520;
				TargetAttributes = {
					528525A02B55B8350017CD17 = {
						CreatedOnToolsVersion = 15.2;
					};
				};
			};
			buildConfigurationList = 5285259C2B55B8350017CD17 /* Build configuration list for PBXProject "NaverMapDemo" */;
			compatibilityVersion = "Xcode 14.0";
			developmentRegion = en;
			hasScannedForEncodings = 0;
			knownRegions = (
				en,
				Base,
			);
			mainGroup = 528525982B55B8350017CD17;
			productRefGroup = 528525A22B55B8350017CD17 /* Products */;
			projectDirPath = "";
			projectRoot = "";
			targets = (
				528525A02B55B8350017CD17 /* NaverMapDemo */,
			);
		};
/* End PBXProject section */

/* Begin PBXResourcesBuildPhase section */
		5285259F2B55B8350017CD17 /* Resources */ = {
			isa = PBXResourcesBuildPhase;
			buildActionMask = 2147483647;
			files = (
				528525AC2B55B8360017CD17 /* Preview Assets.xcassets in Resources */,
				52D375272B67271C00EE200F /* GoogleService-Info.plist in Resources */,
				528525A92B55B8360017CD17 /* Assets.xcassets in Resources */,
				52D375302B6767AB00EE200F /* CountryNumbers.json in Resources */,
			);
			runOnlyForDeploymentPostprocessing = 0;
		};
/* End PBXResourcesBuildPhase section */

/* Begin PBXShellScriptBuildPhase section */
		105127FE3CBB56DE598ECBA1 /* [CP] Check Pods Manifest.lock */ = {
			isa = PBXShellScriptBuildPhase;
			buildActionMask = 2147483647;
			files = (
			);
			inputFileListPaths = (
			);
			inputPaths = (
				"${PODS_PODFILE_DIR_PATH}/Podfile.lock",
				"${PODS_ROOT}/Manifest.lock",
			);
			name = "[CP] Check Pods Manifest.lock";
			outputFileListPaths = (
			);
			outputPaths = (
				"$(DERIVED_FILE_DIR)/Pods-NaverMapDemo-checkManifestLockResult.txt",
			);
			runOnlyForDeploymentPostprocessing = 0;
			shellPath = /bin/sh;
			shellScript = "diff \"${PODS_PODFILE_DIR_PATH}/Podfile.lock\" \"${PODS_ROOT}/Manifest.lock\" > /dev/null\nif [ $? != 0 ] ; then\n    # print error to STDERR\n    echo \"error: The sandbox is not in sync with the Podfile.lock. Run 'pod install' or update your CocoaPods installation.\" >&2\n    exit 1\nfi\n# This output is used by Xcode 'outputs' to avoid re-running this script phase.\necho \"SUCCESS\" > \"${SCRIPT_OUTPUT_FILE_0}\"\n";
			showEnvVarsInLog = 0;
		};
		DFAF716AA08DB8628953B208 /* [CP] Embed Pods Frameworks */ = {
			isa = PBXShellScriptBuildPhase;
			buildActionMask = 2147483647;
			files = (
			);
			inputFileListPaths = (
				"${PODS_ROOT}/Target Support Files/Pods-NaverMapDemo/Pods-NaverMapDemo-frameworks-${CONFIGURATION}-input-files.xcfilelist",
			);
			name = "[CP] Embed Pods Frameworks";
			outputFileListPaths = (
				"${PODS_ROOT}/Target Support Files/Pods-NaverMapDemo/Pods-NaverMapDemo-frameworks-${CONFIGURATION}-output-files.xcfilelist",
			);
			runOnlyForDeploymentPostprocessing = 0;
			shellPath = /bin/sh;
			shellScript = "\"${PODS_ROOT}/Target Support Files/Pods-NaverMapDemo/Pods-NaverMapDemo-frameworks.sh\"\n";
			showEnvVarsInLog = 0;
		};
/* End PBXShellScriptBuildPhase section */

/* Begin PBXSourcesBuildPhase section */
		5285259D2B55B8350017CD17 /* Sources */ = {
			isa = PBXSourcesBuildPhase;
			buildActionMask = 2147483647;
			files = (
				52EE56B92B5D7DB500C6D423 /* Places.swift in Sources */,
				52D3752C2B672C1400EE200F /* Color+Extension.swift in Sources */,
				52D375252B67249700EE200F /* LoginView.swift in Sources */,
				528525A72B55B8350017CD17 /* ContentView.swift in Sources */,
				52EE56B72B5AED6500C6D423 /* MapView.swift in Sources */,
				52D375322B6767C400EE200F /* CPData.swift in Sources */,
				52D375392B678F0700EE200F /* OTPVerificationView.swift in Sources */,
				52D3752A2B672BCD00EE200F /* LoginViewModel.swift in Sources */,
				52D3752E2B67676A00EE200F /* PhoneNumberView.swift in Sources */,
				52EE56BB2B5D94D400C6D423 /* tempPlace.swift in Sources */,
				528525B42B55BB2C0017CD17 /* tempView.swift in Sources */,
				528525A52B55B8350017CD17 /* NaverMapDemoApp.swift in Sources */,
			);
			runOnlyForDeploymentPostprocessing = 0;
		};
/* End PBXSourcesBuildPhase section */

/* Begin XCBuildConfiguration section */
		528525AD2B55B8360017CD17 /* Debug */ = {
			isa = XCBuildConfiguration;
			buildSettings = {
				ALWAYS_SEARCH_USER_PATHS = NO;
				ASSETCATALOG_COMPILER_GENERATE_SWIFT_ASSET_SYMBOL_EXTENSIONS = YES;
				CLANG_ANALYZER_NONNULL = YES;
				CLANG_ANALYZER_NUMBER_OBJECT_CONVERSION = YES_AGGRESSIVE;
				CLANG_CXX_LANGUAGE_STANDARD = "gnu++20";
				CLANG_ENABLE_MODULES = YES;
				CLANG_ENABLE_OBJC_ARC = YES;
				CLANG_ENABLE_OBJC_WEAK = YES;
				CLANG_WARN_BLOCK_CAPTURE_AUTORELEASING = YES;
				CLANG_WARN_BOOL_CONVERSION = YES;
				CLANG_WARN_COMMA = YES;
				CLANG_WARN_CONSTANT_CONVERSION = YES;
				CLANG_WARN_DEPRECATED_OBJC_IMPLEMENTATIONS = YES;
				CLANG_WARN_DIRECT_OBJC_ISA_USAGE = YES_ERROR;
				CLANG_WARN_DOCUMENTATION_COMMENTS = YES;
				CLANG_WARN_EMPTY_BODY = YES;
				CLANG_WARN_ENUM_CONVERSION = YES;
				CLANG_WARN_INFINITE_RECURSION = YES;
				CLANG_WARN_INT_CONVERSION = YES;
				CLANG_WARN_NON_LITERAL_NULL_CONVERSION = YES;
				CLANG_WARN_OBJC_IMPLICIT_RETAIN_SELF = YES;
				CLANG_WARN_OBJC_LITERAL_CONVERSION = YES;
				CLANG_WARN_OBJC_ROOT_CLASS = YES_ERROR;
				CLANG_WARN_QUOTED_INCLUDE_IN_FRAMEWORK_HEADER = YES;
				CLANG_WARN_RANGE_LOOP_ANALYSIS = YES;
				CLANG_WARN_STRICT_PROTOTYPES = YES;
				CLANG_WARN_SUSPICIOUS_MOVE = YES;
				CLANG_WARN_UNGUARDED_AVAILABILITY = YES_AGGRESSIVE;
				CLANG_WARN_UNREACHABLE_CODE = YES;
				CLANG_WARN__DUPLICATE_METHOD_MATCH = YES;
				COPY_PHASE_STRIP = NO;
				DEBUG_INFORMATION_FORMAT = dwarf;
				ENABLE_STRICT_OBJC_MSGSEND = YES;
				ENABLE_TESTABILITY = YES;
				ENABLE_USER_SCRIPT_SANDBOXING = YES;
				GCC_C_LANGUAGE_STANDARD = gnu17;
				GCC_DYNAMIC_NO_PIC = NO;
				GCC_NO_COMMON_BLOCKS = YES;
				GCC_OPTIMIZATION_LEVEL = 0;
				GCC_PREPROCESSOR_DEFINITIONS = (
					"DEBUG=1",
					"$(inherited)",
				);
				GCC_WARN_64_TO_32_BIT_CONVERSION = YES;
				GCC_WARN_ABOUT_RETURN_TYPE = YES_ERROR;
				GCC_WARN_UNDECLARED_SELECTOR = YES;
				GCC_WARN_UNINITIALIZED_AUTOS = YES_AGGRESSIVE;
				GCC_WARN_UNUSED_FUNCTION = YES;
				GCC_WARN_UNUSED_VARIABLE = YES;
				IPHONEOS_DEPLOYMENT_TARGET = 16.4;
				LOCALIZATION_PREFERS_STRING_CATALOGS = YES;
				MTL_ENABLE_DEBUG_INFO = INCLUDE_SOURCE;
				MTL_FAST_MATH = YES;
				ONLY_ACTIVE_ARCH = YES;
				SDKROOT = iphoneos;
				SWIFT_ACTIVE_COMPILATION_CONDITIONS = "DEBUG $(inherited)";
				SWIFT_OPTIMIZATION_LEVEL = "-Onone";
			};
			name = Debug;
		};
		528525AE2B55B8360017CD17 /* Release */ = {
			isa = XCBuildConfiguration;
			buildSettings = {
				ALWAYS_SEARCH_USER_PATHS = NO;
				ASSETCATALOG_COMPILER_GENERATE_SWIFT_ASSET_SYMBOL_EXTENSIONS = YES;
				CLANG_ANALYZER_NONNULL = YES;
				CLANG_ANALYZER_NUMBER_OBJECT_CONVERSION = YES_AGGRESSIVE;
				CLANG_CXX_LANGUAGE_STANDARD = "gnu++20";
				CLANG_ENABLE_MODULES = YES;
				CLANG_ENABLE_OBJC_ARC = YES;
				CLANG_ENABLE_OBJC_WEAK = YES;
				CLANG_WARN_BLOCK_CAPTURE_AUTORELEASING = YES;
				CLANG_WARN_BOOL_CONVERSION = YES;
				CLANG_WARN_COMMA = YES;
				CLANG_WARN_CONSTANT_CONVERSION = YES;
				CLANG_WARN_DEPRECATED_OBJC_IMPLEMENTATIONS = YES;
				CLANG_WARN_DIRECT_OBJC_ISA_USAGE = YES_ERROR;
				CLANG_WARN_DOCUMENTATION_COMMENTS = YES;
				CLANG_WARN_EMPTY_BODY = YES;
				CLANG_WARN_ENUM_CONVERSION = YES;
				CLANG_WARN_INFINITE_RECURSION = YES;
				CLANG_WARN_INT_CONVERSION = YES;
				CLANG_WARN_NON_LITERAL_NULL_CONVERSION = YES;
				CLANG_WARN_OBJC_IMPLICIT_RETAIN_SELF = YES;
				CLANG_WARN_OBJC_LITERAL_CONVERSION = YES;
				CLANG_WARN_OBJC_ROOT_CLASS = YES_ERROR;
				CLANG_WARN_QUOTED_INCLUDE_IN_FRAMEWORK_HEADER = YES;
				CLANG_WARN_RANGE_LOOP_ANALYSIS = YES;
				CLANG_WARN_STRICT_PROTOTYPES = YES;
				CLANG_WARN_SUSPICIOUS_MOVE = YES;
				CLANG_WARN_UNGUARDED_AVAILABILITY = YES_AGGRESSIVE;
				CLANG_WARN_UNREACHABLE_CODE = YES;
				CLANG_WARN__DUPLICATE_METHOD_MATCH = YES;
				COPY_PHASE_STRIP = NO;
				DEBUG_INFORMATION_FORMAT = "dwarf-with-dsym";
				ENABLE_NS_ASSERTIONS = NO;
				ENABLE_STRICT_OBJC_MSGSEND = YES;
				ENABLE_USER_SCRIPT_SANDBOXING = YES;
				GCC_C_LANGUAGE_STANDARD = gnu17;
				GCC_NO_COMMON_BLOCKS = YES;
				GCC_WARN_64_TO_32_BIT_CONVERSION = YES;
				GCC_WARN_ABOUT_RETURN_TYPE = YES_ERROR;
				GCC_WARN_UNDECLARED_SELECTOR = YES;
				GCC_WARN_UNINITIALIZED_AUTOS = YES_AGGRESSIVE;
				GCC_WARN_UNUSED_FUNCTION = YES;
				GCC_WARN_UNUSED_VARIABLE = YES;
				IPHONEOS_DEPLOYMENT_TARGET = 16.4;
				LOCALIZATION_PREFERS_STRING_CATALOGS = YES;
				MTL_ENABLE_DEBUG_INFO = NO;
				MTL_FAST_MATH = YES;
				SDKROOT = iphoneos;
				SWIFT_COMPILATION_MODE = wholemodule;
				VALIDATE_PRODUCT = YES;
			};
			name = Release;
		};
		528525B02B55B8360017CD17 /* Debug */ = {
			isa = XCBuildConfiguration;
			baseConfigurationReference = 56558CF1F1C59EFB8F5E230B /* Pods-NaverMapDemo.debug.xcconfig */;
			buildSettings = {
				ASSETCATALOG_COMPILER_APPICON_NAME = AppIcon;
				ASSETCATALOG_COMPILER_GLOBAL_ACCENT_COLOR_NAME = AccentColor;
				CODE_SIGN_ENTITLEMENTS = NaverMapDemo/NaverMapDemo.entitlements;
				CODE_SIGN_STYLE = Automatic;
				CURRENT_PROJECT_VERSION = 1;
				DEVELOPMENT_ASSET_PATHS = "\"NaverMapDemo/Preview Content\"";
				DEVELOPMENT_TEAM = 8383VR3NFP;
				ENABLE_PREVIEWS = YES;
				ENABLE_USER_SCRIPT_SANDBOXING = NO;
				GENERATE_INFOPLIST_FILE = YES;
				INFOPLIST_FILE = NaverMapDemo/Info.plist;
				INFOPLIST_KEY_NSLocationAlwaysAndWhenInUseUsageDescription = "해당 앱은 플레이스 정보 조회를 위해 사용자의 위치 정보를 허용해야합니다.";
				INFOPLIST_KEY_NSLocationWhenInUseUsageDescription = "";
				INFOPLIST_KEY_UIApplicationSceneManifest_Generation = YES;
				INFOPLIST_KEY_UIApplicationSupportsIndirectInputEvents = YES;
				INFOPLIST_KEY_UILaunchScreen_Generation = YES;
				INFOPLIST_KEY_UISupportedInterfaceOrientations_iPad = "UIInterfaceOrientationPortrait UIInterfaceOrientationPortraitUpsideDown UIInterfaceOrientationLandscapeLeft UIInterfaceOrientationLandscapeRight";
				INFOPLIST_KEY_UISupportedInterfaceOrientations_iPhone = "UIInterfaceOrientationPortrait UIInterfaceOrientationLandscapeLeft UIInterfaceOrientationLandscapeRight";
				IPHONEOS_DEPLOYMENT_TARGET = 16.4;
				LD_RUNPATH_SEARCH_PATHS = (
					"$(inherited)",
					"@executable_path/Frameworks",
				);
				MARKETING_VERSION = 1.0;
				PRODUCT_BUNDLE_IDENTIFIER = com.mminy62.NaverMapDemo;
				PRODUCT_NAME = "$(TARGET_NAME)";
				SWIFT_EMIT_LOC_STRINGS = YES;
				SWIFT_VERSION = 5.0;
				TARGETED_DEVICE_FAMILY = "1,2";
			};
			name = Debug;
		};
		528525B12B55B8360017CD17 /* Release */ = {
			isa = XCBuildConfiguration;
			baseConfigurationReference = 3D96A071321C419AA77C0B7E /* Pods-NaverMapDemo.release.xcconfig */;
			buildSettings = {
				ASSETCATALOG_COMPILER_APPICON_NAME = AppIcon;
				ASSETCATALOG_COMPILER_GLOBAL_ACCENT_COLOR_NAME = AccentColor;
				CODE_SIGN_ENTITLEMENTS = NaverMapDemo/NaverMapDemo.entitlements;
				CODE_SIGN_STYLE = Automatic;
				CURRENT_PROJECT_VERSION = 1;
				DEVELOPMENT_ASSET_PATHS = "\"NaverMapDemo/Preview Content\"";
				DEVELOPMENT_TEAM = 8383VR3NFP;
				ENABLE_PREVIEWS = YES;
				ENABLE_USER_SCRIPT_SANDBOXING = NO;
				GENERATE_INFOPLIST_FILE = YES;
				INFOPLIST_FILE = NaverMapDemo/Info.plist;
				INFOPLIST_KEY_NSLocationAlwaysAndWhenInUseUsageDescription = "해당 앱은 플레이스 정보 조회를 위해 사용자의 위치 정보를 허용해야합니다.";
				INFOPLIST_KEY_NSLocationWhenInUseUsageDescription = "";
				INFOPLIST_KEY_UIApplicationSceneManifest_Generation = YES;
				INFOPLIST_KEY_UIApplicationSupportsIndirectInputEvents = YES;
				INFOPLIST_KEY_UILaunchScreen_Generation = YES;
				INFOPLIST_KEY_UISupportedInterfaceOrientations_iPad = "UIInterfaceOrientationPortrait UIInterfaceOrientationPortraitUpsideDown UIInterfaceOrientationLandscapeLeft UIInterfaceOrientationLandscapeRight";
				INFOPLIST_KEY_UISupportedInterfaceOrientations_iPhone = "UIInterfaceOrientationPortrait UIInterfaceOrientationLandscapeLeft UIInterfaceOrientationLandscapeRight";
				IPHONEOS_DEPLOYMENT_TARGET = 16.4;
				LD_RUNPATH_SEARCH_PATHS = (
					"$(inherited)",
					"@executable_path/Frameworks",
				);
				MARKETING_VERSION = 1.0;
				PRODUCT_BUNDLE_IDENTIFIER = com.mminy62.NaverMapDemo;
				PRODUCT_NAME = "$(TARGET_NAME)";
				SWIFT_EMIT_LOC_STRINGS = YES;
				SWIFT_VERSION = 5.0;
				TARGETED_DEVICE_FAMILY = "1,2";
			};
			name = Release;
		};
/* End XCBuildConfiguration section */

/* Begin XCConfigurationList section */
		5285259C2B55B8350017CD17 /* Build configuration list for PBXProject "NaverMapDemo" */ = {
			isa = XCConfigurationList;
			buildConfigurations = (
				528525AD2B55B8360017CD17 /* Debug */,
				528525AE2B55B8360017CD17 /* Release */,
			);
			defaultConfigurationIsVisible = 0;
			defaultConfigurationName = Release;
		};
		528525AF2B55B8360017CD17 /* Build configuration list for PBXNativeTarget "NaverMapDemo" */ = {
			isa = XCConfigurationList;
			buildConfigurations = (
				528525B02B55B8360017CD17 /* Debug */,
				528525B12B55B8360017CD17 /* Release */,
			);
			defaultConfigurationIsVisible = 0;
			defaultConfigurationName = Release;
		};
/* End XCConfigurationList section */
	};
	rootObject = 528525992B55B8350017CD17 /* Project object */;
}
