// !$*UTF8*$!
{
	archiveVersion = 1;
	classes = {
	};
	objectVersion = 56;
	objects = {

/* Begin PBXBuildFile section */
		52506C812B17472600A8FBFF /* FirstFirebaseApp.swift in Sources */ = {isa = PBXBuildFile; fileRef = 52506C802B17472600A8FBFF /* FirstFirebaseApp.swift */; };
		52506C832B17472600A8FBFF /* ContentView.swift in Sources */ = {isa = PBXBuildFile; fileRef = 52506C822B17472600A8FBFF /* ContentView.swift */; };
		52506C852B17472700A8FBFF /* Assets.xcassets in Resources */ = {isa = PBXBuildFile; fileRef = 52506C842B17472700A8FBFF /* Assets.xcassets */; };
		52506C882B17472700A8FBFF /* Preview Assets.xcassets in Resources */ = {isa = PBXBuildFile; fileRef = 52506C872B17472700A8FBFF /* Preview Assets.xcassets */; };
		52506C902B1747E900A8FBFF /* FirebaseAnalytics in Frameworks */ = {isa = PBXBuildFile; productRef = 52506C8F2B1747E900A8FBFF /* FirebaseAnalytics */; };
		52506C922B1747E900A8FBFF /* FirebaseAnalyticsOnDeviceConversion in Frameworks */ = {isa = PBXBuildFile; productRef = 52506C912B1747E900A8FBFF /* FirebaseAnalyticsOnDeviceConversion */; };
		52506C942B1747E900A8FBFF /* FirebaseAnalyticsSwift in Frameworks */ = {isa = PBXBuildFile; productRef = 52506C932B1747E900A8FBFF /* FirebaseAnalyticsSwift */; };
		52506C962B1747E900A8FBFF /* FirebaseAnalyticsWithoutAdIdSupport in Frameworks */ = {isa = PBXBuildFile; productRef = 52506C952B1747E900A8FBFF /* FirebaseAnalyticsWithoutAdIdSupport */; };
		52506C982B1747E900A8FBFF /* FirebaseAppCheck in Frameworks */ = {isa = PBXBuildFile; productRef = 52506C972B1747E900A8FBFF /* FirebaseAppCheck */; };
		52506C9A2B17484800A8FBFF /* GoogleService-Info.plist in Resources */ = {isa = PBXBuildFile; fileRef = 52506C992B17484800A8FBFF /* GoogleService-Info.plist */; };
/* End PBXBuildFile section */

/* Begin PBXFileReference section */
		52506C7D2B17472600A8FBFF /* FirstFirebaseApp.app */ = {isa = PBXFileReference; explicitFileType = wrapper.application; includeInIndex = 0; path = FirstFirebaseApp.app; sourceTree = BUILT_PRODUCTS_DIR; };
		52506C802B17472600A8FBFF /* FirstFirebaseApp.swift */ = {isa = PBXFileReference; lastKnownFileType = sourcecode.swift; path = FirstFirebaseApp.swift; sourceTree = "<group>"; };
		52506C822B17472600A8FBFF /* ContentView.swift */ = {isa = PBXFileReference; lastKnownFileType = sourcecode.swift; path = ContentView.swift; sourceTree = "<group>"; };
		52506C842B17472700A8FBFF /* Assets.xcassets */ = {isa = PBXFileReference; lastKnownFileType = folder.assetcatalog; path = Assets.xcassets; sourceTree = "<group>"; };
		52506C872B17472700A8FBFF /* Preview Assets.xcassets */ = {isa = PBXFileReference; lastKnownFileType = folder.assetcatalog; path = "Preview Assets.xcassets"; sourceTree = "<group>"; };
		52506C992B17484800A8FBFF /* GoogleService-Info.plist */ = {isa = PBXFileReference; fileEncoding = 4; lastKnownFileType = text.plist.xml; path = "GoogleService-Info.plist"; sourceTree = "<group>"; };
/* End PBXFileReference section */

/* Begin PBXFrameworksBuildPhase section */
		52506C7A2B17472600A8FBFF /* Frameworks */ = {
			isa = PBXFrameworksBuildPhase;
			buildActionMask = 2147483647;
			files = (
				52506C942B1747E900A8FBFF /* FirebaseAnalyticsSwift in Frameworks */,
				52506C902B1747E900A8FBFF /* FirebaseAnalytics in Frameworks */,
				52506C922B1747E900A8FBFF /* FirebaseAnalyticsOnDeviceConversion in Frameworks */,
				52506C982B1747E900A8FBFF /* FirebaseAppCheck in Frameworks */,
				52506C962B1747E900A8FBFF /* FirebaseAnalyticsWithoutAdIdSupport in Frameworks */,
			);
			runOnlyForDeploymentPostprocessing = 0;
		};
/* End PBXFrameworksBuildPhase section */

/* Begin PBXGroup section */
		52506C742B17472600A8FBFF = {
			isa = PBXGroup;
			children = (
				52506C7F2B17472600A8FBFF /* FirstFirebaseApp */,
				52506C7E2B17472600A8FBFF /* Products */,
			);
			sourceTree = "<group>";
		};
		52506C7E2B17472600A8FBFF /* Products */ = {
			isa = PBXGroup;
			children = (
				52506C7D2B17472600A8FBFF /* FirstFirebaseApp.app */,
			);
			name = Products;
			sourceTree = "<group>";
		};
		52506C7F2B17472600A8FBFF /* FirstFirebaseApp */ = {
			isa = PBXGroup;
			children = (
				52506C802B17472600A8FBFF /* FirstFirebaseApp.swift */,
				52506C822B17472600A8FBFF /* ContentView.swift */,
				52506C842B17472700A8FBFF /* Assets.xcassets */,
				52506C992B17484800A8FBFF /* GoogleService-Info.plist */,
				52506C862B17472700A8FBFF /* Preview Content */,
			);
			path = FirstFirebaseApp;
			sourceTree = "<group>";
		};
		52506C862B17472700A8FBFF /* Preview Content */ = {
			isa = PBXGroup;
			children = (
				52506C872B17472700A8FBFF /* Preview Assets.xcassets */,
			);
			path = "Preview Content";
			sourceTree = "<group>";
		};
/* End PBXGroup section */

/* Begin PBXNativeTarget section */
		52506C7C2B17472600A8FBFF /* FirstFirebaseApp */ = {
			isa = PBXNativeTarget;
			buildConfigurationList = 52506C8B2B17472700A8FBFF /* Build configuration list for PBXNativeTarget "FirstFirebaseApp" */;
			buildPhases = (
				52506C792B17472600A8FBFF /* Sources */,
				52506C7A2B17472600A8FBFF /* Frameworks */,
				52506C7B2B17472600A8FBFF /* Resources */,
			);
			buildRules = (
			);
			dependencies = (
			);
			name = FirstFirebaseApp;
			packageProductDependencies = (
				52506C8F2B1747E900A8FBFF /* FirebaseAnalytics */,
				52506C912B1747E900A8FBFF /* FirebaseAnalyticsOnDeviceConversion */,
				52506C932B1747E900A8FBFF /* FirebaseAnalyticsSwift */,
				52506C952B1747E900A8FBFF /* FirebaseAnalyticsWithoutAdIdSupport */,
				52506C972B1747E900A8FBFF /* FirebaseAppCheck */,
			);
			productName = FirstFirebaseApp;
			productReference = 52506C7D2B17472600A8FBFF /* FirstFirebaseApp.app */;
			productType = "com.apple.product-type.application";
		};
/* End PBXNativeTarget section */

/* Begin PBXProject section */
		52506C752B17472600A8FBFF /* Project object */ = {
			isa = PBXProject;
			attributes = {
				BuildIndependentTargetsInParallel = 1;
				LastSwiftUpdateCheck = 1500;
				LastUpgradeCheck = 1500;
				TargetAttributes = {
					52506C7C2B17472600A8FBFF = {
						CreatedOnToolsVersion = 15.0;
					};
				};
			};
			buildConfigurationList = 52506C782B17472600A8FBFF /* Build configuration list for PBXProject "FirstFirebaseApp" */;
			compatibilityVersion = "Xcode 14.0";
			developmentRegion = en;
			hasScannedForEncodings = 0;
			knownRegions = (
				en,
				Base,
			);
			mainGroup = 52506C742B17472600A8FBFF;
			packageReferences = (
				52506C8E2B1747E900A8FBFF /* XCRemoteSwiftPackageReference "firebase-ios-sdk" */,
			);
			productRefGroup = 52506C7E2B17472600A8FBFF /* Products */;
			projectDirPath = "";
			projectRoot = "";
			targets = (
				52506C7C2B17472600A8FBFF /* FirstFirebaseApp */,
			);
		};
/* End PBXProject section */

/* Begin PBXResourcesBuildPhase section */
		52506C7B2B17472600A8FBFF /* Resources */ = {
			isa = PBXResourcesBuildPhase;
			buildActionMask = 2147483647;
			files = (
				52506C882B17472700A8FBFF /* Preview Assets.xcassets in Resources */,
				52506C852B17472700A8FBFF /* Assets.xcassets in Resources */,
				52506C9A2B17484800A8FBFF /* GoogleService-Info.plist in Resources */,
			);
			runOnlyForDeploymentPostprocessing = 0;
		};
/* End PBXResourcesBuildPhase section */

/* Begin PBXSourcesBuildPhase section */
		52506C792B17472600A8FBFF /* Sources */ = {
			isa = PBXSourcesBuildPhase;
			buildActionMask = 2147483647;
			files = (
				52506C832B17472600A8FBFF /* ContentView.swift in Sources */,
				52506C812B17472600A8FBFF /* FirstFirebaseApp.swift in Sources */,
			);
			runOnlyForDeploymentPostprocessing = 0;
		};
/* End PBXSourcesBuildPhase section */

/* Begin XCBuildConfiguration section */
		52506C892B17472700A8FBFF /* Debug */ = {
			isa = XCBuildConfiguration;
			buildSettings = {
				ALWAYS_SEARCH_USER_PATHS = NO;
				ASSETCATALOG_COMPILER_GENERATE_SWIFT_ASSET_SYMBOL_EXTENSIONS = YES;
				CLANG_ANALYZER_NONNULL = YES;
				CLANG_ANALYZER_NUMBER_OBJECT_CONVERSION = YES_AGGRESSIVE;
				CLANG_CXX_LANGUAGE_STANDARD = "gnu++20";
				CLANG_ENABLE_MODULES = YES;
				CLANG_ENABLE_OBJC_ARC = YES;
				CLANG_ENABLE_OBJC_WEAK = YES;
				CLANG_WARN_BLOCK_CAPTURE_AUTORELEASING = YES;
				CLANG_WARN_BOOL_CONVERSION = YES;
				CLANG_WARN_COMMA = YES;
				CLANG_WARN_CONSTANT_CONVERSION = YES;
				CLANG_WARN_DEPRECATED_OBJC_IMPLEMENTATIONS = YES;
				CLANG_WARN_DIRECT_OBJC_ISA_USAGE = YES_ERROR;
				CLANG_WARN_DOCUMENTATION_COMMENTS = YES;
				CLANG_WARN_EMPTY_BODY = YES;
				CLANG_WARN_ENUM_CONVERSION = YES;
				CLANG_WARN_INFINITE_RECURSION = YES;
				CLANG_WARN_INT_CONVERSION = YES;
				CLANG_WARN_NON_LITERAL_NULL_CONVERSION = YES;
				CLANG_WARN_OBJC_IMPLICIT_RETAIN_SELF = YES;
				CLANG_WARN_OBJC_LITERAL_CONVERSION = YES;
				CLANG_WARN_OBJC_ROOT_CLASS = YES_ERROR;
				CLANG_WARN_QUOTED_INCLUDE_IN_FRAMEWORK_HEADER = YES;
				CLANG_WARN_RANGE_LOOP_ANALYSIS = YES;
				CLANG_WARN_STRICT_PROTOTYPES = YES;
				CLANG_WARN_SUSPICIOUS_MOVE = YES;
				CLANG_WARN_UNGUARDED_AVAILABILITY = YES_AGGRESSIVE;
				CLANG_WARN_UNREACHABLE_CODE = YES;
				CLANG_WARN__DUPLICATE_METHOD_MATCH = YES;
				COPY_PHASE_STRIP = NO;
				DEBUG_INFORMATION_FORMAT = dwarf;
				ENABLE_STRICT_OBJC_MSGSEND = YES;
				ENABLE_TESTABILITY = YES;
				ENABLE_USER_SCRIPT_SANDBOXING = YES;
				GCC_C_LANGUAGE_STANDARD = gnu17;
				GCC_DYNAMIC_NO_PIC = NO;
				GCC_NO_COMMON_BLOCKS = YES;
				GCC_OPTIMIZATION_LEVEL = 0;
				GCC_PREPROCESSOR_DEFINITIONS = (
					"DEBUG=1",
					"$(inherited)",
				);
				GCC_WARN_64_TO_32_BIT_CONVERSION = YES;
				GCC_WARN_ABOUT_RETURN_TYPE = YES_ERROR;
				GCC_WARN_UNDECLARED_SELECTOR = YES;
				GCC_WARN_UNINITIALIZED_AUTOS = YES_AGGRESSIVE;
				GCC_WARN_UNUSED_FUNCTION = YES;
				GCC_WARN_UNUSED_VARIABLE = YES;
				IPHONEOS_DEPLOYMENT_TARGET = 17.0;
				LOCALIZATION_PREFERS_STRING_CATALOGS = YES;
				MTL_ENABLE_DEBUG_INFO = INCLUDE_SOURCE;
				MTL_FAST_MATH = YES;
				ONLY_ACTIVE_ARCH = YES;
				SDKROOT = iphoneos;
				SWIFT_ACTIVE_COMPILATION_CONDITIONS = "DEBUG $(inherited)";
				SWIFT_OPTIMIZATION_LEVEL = "-Onone";
			};
			name = Debug;
		};
		52506C8A2B17472700A8FBFF /* Release */ = {
			isa = XCBuildConfiguration;
			buildSettings = {
				ALWAYS_SEARCH_USER_PATHS = NO;
				ASSETCATALOG_COMPILER_GENERATE_SWIFT_ASSET_SYMBOL_EXTENSIONS = YES;
				CLANG_ANALYZER_NONNULL = YES;
				CLANG_ANALYZER_NUMBER_OBJECT_CONVERSION = YES_AGGRESSIVE;
				CLANG_CXX_LANGUAGE_STANDARD = "gnu++20";
				CLANG_ENABLE_MODULES = YES;
				CLANG_ENABLE_OBJC_ARC = YES;
				CLANG_ENABLE_OBJC_WEAK = YES;
				CLANG_WARN_BLOCK_CAPTURE_AUTORELEASING = YES;
				CLANG_WARN_BOOL_CONVERSION = YES;
				CLANG_WARN_COMMA = YES;
				CLANG_WARN_CONSTANT_CONVERSION = YES;
				CLANG_WARN_DEPRECATED_OBJC_IMPLEMENTATIONS = YES;
				CLANG_WARN_DIRECT_OBJC_ISA_USAGE = YES_ERROR;
				CLANG_WARN_DOCUMENTATION_COMMENTS = YES;
				CLANG_WARN_EMPTY_BODY = YES;
				CLANG_WARN_ENUM_CONVERSION = YES;
				CLANG_WARN_INFINITE_RECURSION = YES;
				CLANG_WARN_INT_CONVERSION = YES;
				CLANG_WARN_NON_LITERAL_NULL_CONVERSION = YES;
				CLANG_WARN_OBJC_IMPLICIT_RETAIN_SELF = YES;
				CLANG_WARN_OBJC_LITERAL_CONVERSION = YES;
				CLANG_WARN_OBJC_ROOT_CLASS = YES_ERROR;
				CLANG_WARN_QUOTED_INCLUDE_IN_FRAMEWORK_HEADER = YES;
				CLANG_WARN_RANGE_LOOP_ANALYSIS = YES;
				CLANG_WARN_STRICT_PROTOTYPES = YES;
				CLANG_WARN_SUSPICIOUS_MOVE = YES;
				CLANG_WARN_UNGUARDED_AVAILABILITY = YES_AGGRESSIVE;
				CLANG_WARN_UNREACHABLE_CODE = YES;
				CLANG_WARN__DUPLICATE_METHOD_MATCH = YES;
				COPY_PHASE_STRIP = NO;
				DEBUG_INFORMATION_FORMAT = "dwarf-with-dsym";
				ENABLE_NS_ASSERTIONS = NO;
				ENABLE_STRICT_OBJC_MSGSEND = YES;
				ENABLE_USER_SCRIPT_SANDBOXING = YES;
				GCC_C_LANGUAGE_STANDARD = gnu17;
				GCC_NO_COMMON_BLOCKS = YES;
				GCC_WARN_64_TO_32_BIT_CONVERSION = YES;
				GCC_WARN_ABOUT_RETURN_TYPE = YES_ERROR;
				GCC_WARN_UNDECLARED_SELECTOR = YES;
				GCC_WARN_UNINITIALIZED_AUTOS = YES_AGGRESSIVE;
				GCC_WARN_UNUSED_FUNCTION = YES;
				GCC_WARN_UNUSED_VARIABLE = YES;
				IPHONEOS_DEPLOYMENT_TARGET = 17.0;
				LOCALIZATION_PREFERS_STRING_CATALOGS = YES;
				MTL_ENABLE_DEBUG_INFO = NO;
				MTL_FAST_MATH = YES;
				SDKROOT = iphoneos;
				SWIFT_COMPILATION_MODE = wholemodule;
				VALIDATE_PRODUCT = YES;
			};
			name = Release;
		};
		52506C8C2B17472700A8FBFF /* Debug */ = {
			isa = XCBuildConfiguration;
			buildSettings = {
				ASSETCATALOG_COMPILER_APPICON_NAME = AppIcon;
				ASSETCATALOG_COMPILER_GLOBAL_ACCENT_COLOR_NAME = AccentColor;
				CODE_SIGN_STYLE = Automatic;
				CURRENT_PROJECT_VERSION = 1;
				DEVELOPMENT_ASSET_PATHS = "\"FirstFirebaseApp/Preview Content\"";
				DEVELOPMENT_TEAM = 8383VR3NFP;
				ENABLE_PREVIEWS = YES;
				GENERATE_INFOPLIST_FILE = YES;
				INFOPLIST_KEY_UIApplicationSceneManifest_Generation = YES;
				INFOPLIST_KEY_UIApplicationSupportsIndirectInputEvents = YES;
				INFOPLIST_KEY_UILaunchScreen_Generation = YES;
				INFOPLIST_KEY_UISupportedInterfaceOrientations_iPad = "UIInterfaceOrientationPortrait UIInterfaceOrientationPortraitUpsideDown UIInterfaceOrientationLandscapeLeft UIInterfaceOrientationLandscapeRight";
				INFOPLIST_KEY_UISupportedInterfaceOrientations_iPhone = "UIInterfaceOrientationPortrait UIInterfaceOrientationLandscapeLeft UIInterfaceOrientationLandscapeRight";
				LD_RUNPATH_SEARCH_PATHS = (
					"$(inherited)",
					"@executable_path/Frameworks",
				);
				MARKETING_VERSION = 1.0;
				PRODUCT_BUNDLE_IDENTIFIER = com.first.app;
				PRODUCT_NAME = "$(TARGET_NAME)";
				SWIFT_EMIT_LOC_STRINGS = YES;
				SWIFT_VERSION = 5.0;
				TARGETED_DEVICE_FAMILY = "1,2";
			};
			name = Debug;
		};
		52506C8D2B17472700A8FBFF /* Release */ = {
			isa = XCBuildConfiguration;
			buildSettings = {
				ASSETCATALOG_COMPILER_APPICON_NAME = AppIcon;
				ASSETCATALOG_COMPILER_GLOBAL_ACCENT_COLOR_NAME = AccentColor;
				CODE_SIGN_STYLE = Automatic;
				CURRENT_PROJECT_VERSION = 1;
				DEVELOPMENT_ASSET_PATHS = "\"FirstFirebaseApp/Preview Content\"";
				DEVELOPMENT_TEAM = 8383VR3NFP;
				ENABLE_PREVIEWS = YES;
				GENERATE_INFOPLIST_FILE = YES;
				INFOPLIST_KEY_UIApplicationSceneManifest_Generation = YES;
				INFOPLIST_KEY_UIApplicationSupportsIndirectInputEvents = YES;
				INFOPLIST_KEY_UILaunchScreen_Generation = YES;
				INFOPLIST_KEY_UISupportedInterfaceOrientations_iPad = "UIInterfaceOrientationPortrait UIInterfaceOrientationPortraitUpsideDown UIInterfaceOrientationLandscapeLeft UIInterfaceOrientationLandscapeRight";
				INFOPLIST_KEY_UISupportedInterfaceOrientations_iPhone = "UIInterfaceOrientationPortrait UIInterfaceOrientationLandscapeLeft UIInterfaceOrientationLandscapeRight";
				LD_RUNPATH_SEARCH_PATHS = (
					"$(inherited)",
					"@executable_path/Frameworks",
				);
				MARKETING_VERSION = 1.0;
				PRODUCT_BUNDLE_IDENTIFIER = com.first.app;
				PRODUCT_NAME = "$(TARGET_NAME)";
				SWIFT_EMIT_LOC_STRINGS = YES;
				SWIFT_VERSION = 5.0;
				TARGETED_DEVICE_FAMILY = "1,2";
			};
			name = Release;
		};
/* End XCBuildConfiguration section */

/* Begin XCConfigurationList section */
		52506C782B17472600A8FBFF /* Build configuration list for PBXProject "FirstFirebaseApp" */ = {
			isa = XCConfigurationList;
			buildConfigurations = (
				52506C892B17472700A8FBFF /* Debug */,
				52506C8A2B17472700A8FBFF /* Release */,
			);
			defaultConfigurationIsVisible = 0;
			defaultConfigurationName = Release;
		};
		52506C8B2B17472700A8FBFF /* Build configuration list for PBXNativeTarget "FirstFirebaseApp" */ = {
			isa = XCConfigurationList;
			buildConfigurations = (
				52506C8C2B17472700A8FBFF /* Debug */,
				52506C8D2B17472700A8FBFF /* Release */,
			);
			defaultConfigurationIsVisible = 0;
			defaultConfigurationName = Release;
		};
/* End XCConfigurationList section */

/* Begin XCRemoteSwiftPackageReference section */
		52506C8E2B1747E900A8FBFF /* XCRemoteSwiftPackageReference "firebase-ios-sdk" */ = {
			isa = XCRemoteSwiftPackageReference;
			repositoryURL = "https://github.com/firebase/firebase-ios-sdk";
			requirement = {
				kind = upToNextMajorVersion;
				minimumVersion = 10.18.0;
			};
		};
/* End XCRemoteSwiftPackageReference section */

/* Begin XCSwiftPackageProductDependency section */
		52506C8F2B1747E900A8FBFF /* FirebaseAnalytics */ = {
			isa = XCSwiftPackageProductDependency;
			package = 52506C8E2B1747E900A8FBFF /* XCRemoteSwiftPackageReference "firebase-ios-sdk" */;
			productName = FirebaseAnalytics;
		};
		52506C912B1747E900A8FBFF /* FirebaseAnalyticsOnDeviceConversion */ = {
			isa = XCSwiftPackageProductDependency;
			package = 52506C8E2B1747E900A8FBFF /* XCRemoteSwiftPackageReference "firebase-ios-sdk" */;
			productName = FirebaseAnalyticsOnDeviceConversion;
		};
		52506C932B1747E900A8FBFF /* FirebaseAnalyticsSwift */ = {
			isa = XCSwiftPackageProductDependency;
			package = 52506C8E2B1747E900A8FBFF /* XCRemoteSwiftPackageReference "firebase-ios-sdk" */;
			productName = FirebaseAnalyticsSwift;
		};
		52506C952B1747E900A8FBFF /* FirebaseAnalyticsWithoutAdIdSupport */ = {
			isa = XCSwiftPackageProductDependency;
			package = 52506C8E2B1747E900A8FBFF /* XCRemoteSwiftPackageReference "firebase-ios-sdk" */;
			productName = FirebaseAnalyticsWithoutAdIdSupport;
		};
		52506C972B1747E900A8FBFF /* FirebaseAppCheck */ = {
			isa = XCSwiftPackageProductDependency;
			package = 52506C8E2B1747E900A8FBFF /* XCRemoteSwiftPackageReference "firebase-ios-sdk" */;
			productName = FirebaseAppCheck;
		};
/* End XCSwiftPackageProductDependency section */
	};
	rootObject = 52506C752B17472600A8FBFF /* Project object */;
}
