// !$*UTF8*$!
{
	archiveVersion = 1;
	classes = {
	};
	objectVersion = 56;
	objects = {

/* Begin PBXBuildFile section */
		52BBBBF52B51713F007511C9 /* TCA_tutorialApp.swift in Sources */ = {isa = PBXBuildFile; fileRef = 52BBBBF42B51713F007511C9 /* TCA_tutorialApp.swift */; };
		52BBBBF72B51713F007511C9 /* CounterView.swift in Sources */ = {isa = PBXBuildFile; fileRef = 52BBBBF62B51713F007511C9 /* CounterView.swift */; };
		52BBBBF92B517142007511C9 /* Assets.xcassets in Resources */ = {isa = PBXBuildFile; fileRef = 52BBBBF82B517142007511C9 /* Assets.xcassets */; };
		52BBBBFC2B517142007511C9 /* Preview Assets.xcassets in Resources */ = {isa = PBXBuildFile; fileRef = 52BBBBFB2B517142007511C9 /* Preview Assets.xcassets */; };
		52BBBC062B517142007511C9 /* TCA_tutorialTests.swift in Sources */ = {isa = PBXBuildFile; fileRef = 52BBBC052B517142007511C9 /* TCA_tutorialTests.swift */; };
		52BBBC102B517142007511C9 /* TCA_tutorialUITests.swift in Sources */ = {isa = PBXBuildFile; fileRef = 52BBBC0F2B517142007511C9 /* TCA_tutorialUITests.swift */; };
		52BBBC122B517142007511C9 /* TCA_tutorialUITestsLaunchTests.swift in Sources */ = {isa = PBXBuildFile; fileRef = 52BBBC112B517142007511C9 /* TCA_tutorialUITestsLaunchTests.swift */; };
		52BBBC202B51719D007511C9 /* ComposableArchitecture in Frameworks */ = {isa = PBXBuildFile; productRef = 52BBBC1F2B51719D007511C9 /* ComposableArchitecture */; };
		52BBBC222B5171CF007511C9 /* CounterFeature.swift in Sources */ = {isa = PBXBuildFile; fileRef = 52BBBC212B5171CF007511C9 /* CounterFeature.swift */; };
		52BBBC252B517227007511C9 /* ComposableArchitecture in Frameworks */ = {isa = PBXBuildFile; productRef = 52BBBC242B517227007511C9 /* ComposableArchitecture */; };
		52BBBC272B51722E007511C9 /* ComposableArchitecture in Frameworks */ = {isa = PBXBuildFile; productRef = 52BBBC262B51722E007511C9 /* ComposableArchitecture */; };
/* End PBXBuildFile section */

/* Begin PBXContainerItemProxy section */
		52BBBC022B517142007511C9 /* PBXContainerItemProxy */ = {
			isa = PBXContainerItemProxy;
			containerPortal = 52BBBBE92B51713F007511C9 /* Project object */;
			proxyType = 1;
			remoteGlobalIDString = 52BBBBF02B51713F007511C9;
			remoteInfo = TCA_tutorial;
		};
		52BBBC0C2B517142007511C9 /* PBXContainerItemProxy */ = {
			isa = PBXContainerItemProxy;
			containerPortal = 52BBBBE92B51713F007511C9 /* Project object */;
			proxyType = 1;
			remoteGlobalIDString = 52BBBBF02B51713F007511C9;
			remoteInfo = TCA_tutorial;
		};
/* End PBXContainerItemProxy section */

/* Begin PBXFileReference section */
		52BBBBF12B51713F007511C9 /* TCA_tutorial.app */ = {isa = PBXFileReference; explicitFileType = wrapper.application; includeInIndex = 0; path = TCA_tutorial.app; sourceTree = BUILT_PRODUCTS_DIR; };
		52BBBBF42B51713F007511C9 /* TCA_tutorialApp.swift */ = {isa = PBXFileReference; lastKnownFileType = sourcecode.swift; path = TCA_tutorialApp.swift; sourceTree = "<group>"; };
		52BBBBF62B51713F007511C9 /* CounterView.swift */ = {isa = PBXFileReference; lastKnownFileType = sourcecode.swift; path = CounterView.swift; sourceTree = "<group>"; };
		52BBBBF82B517142007511C9 /* Assets.xcassets */ = {isa = PBXFileReference; lastKnownFileType = folder.assetcatalog; path = Assets.xcassets; sourceTree = "<group>"; };
		52BBBBFB2B517142007511C9 /* Preview Assets.xcassets */ = {isa = PBXFileReference; lastKnownFileType = folder.assetcatalog; path = "Preview Assets.xcassets"; sourceTree = "<group>"; };
		52BBBC012B517142007511C9 /* TCA_tutorialTests.xctest */ = {isa = PBXFileReference; explicitFileType = wrapper.cfbundle; includeInIndex = 0; path = TCA_tutorialTests.xctest; sourceTree = BUILT_PRODUCTS_DIR; };
		52BBBC052B517142007511C9 /* TCA_tutorialTests.swift */ = {isa = PBXFileReference; lastKnownFileType = sourcecode.swift; path = TCA_tutorialTests.swift; sourceTree = "<group>"; };
		52BBBC0B2B517142007511C9 /* TCA_tutorialUITests.xctest */ = {isa = PBXFileReference; explicitFileType = wrapper.cfbundle; includeInIndex = 0; path = TCA_tutorialUITests.xctest; sourceTree = BUILT_PRODUCTS_DIR; };
		52BBBC0F2B517142007511C9 /* TCA_tutorialUITests.swift */ = {isa = PBXFileReference; lastKnownFileType = sourcecode.swift; path = TCA_tutorialUITests.swift; sourceTree = "<group>"; };
		52BBBC112B517142007511C9 /* TCA_tutorialUITestsLaunchTests.swift */ = {isa = PBXFileReference; lastKnownFileType = sourcecode.swift; path = TCA_tutorialUITestsLaunchTests.swift; sourceTree = "<group>"; };
		52BBBC212B5171CF007511C9 /* CounterFeature.swift */ = {isa = PBXFileReference; lastKnownFileType = sourcecode.swift; path = CounterFeature.swift; sourceTree = "<group>"; };
/* End PBXFileReference section */

/* Begin PBXFrameworksBuildPhase section */
		52BBBBEE2B51713F007511C9 /* Frameworks */ = {
			isa = PBXFrameworksBuildPhase;
			buildActionMask = 2147483647;
			files = (
				52BBBC202B51719D007511C9 /* ComposableArchitecture in Frameworks */,
			);
			runOnlyForDeploymentPostprocessing = 0;
		};
		52BBBBFE2B517142007511C9 /* Frameworks */ = {
			isa = PBXFrameworksBuildPhase;
			buildActionMask = 2147483647;
			files = (
				52BBBC252B517227007511C9 /* ComposableArchitecture in Frameworks */,
			);
			runOnlyForDeploymentPostprocessing = 0;
		};
		52BBBC082B517142007511C9 /* Frameworks */ = {
			isa = PBXFrameworksBuildPhase;
			buildActionMask = 2147483647;
			files = (
				52BBBC272B51722E007511C9 /* ComposableArchitecture in Frameworks */,
			);
			runOnlyForDeploymentPostprocessing = 0;
		};
/* End PBXFrameworksBuildPhase section */

/* Begin PBXGroup section */
		52BBBBE82B51713F007511C9 = {
			isa = PBXGroup;
			children = (
				52BBBBF32B51713F007511C9 /* TCA_tutorial */,
				52BBBC042B517142007511C9 /* TCA_tutorialTests */,
				52BBBC0E2B517142007511C9 /* TCA_tutorialUITests */,
				52BBBBF22B51713F007511C9 /* Products */,
				52BBBC232B517227007511C9 /* Frameworks */,
			);
			sourceTree = "<group>";
		};
		52BBBBF22B51713F007511C9 /* Products */ = {
			isa = PBXGroup;
			children = (
				52BBBBF12B51713F007511C9 /* TCA_tutorial.app */,
				52BBBC012B517142007511C9 /* TCA_tutorialTests.xctest */,
				52BBBC0B2B517142007511C9 /* TCA_tutorialUITests.xctest */,
			);
			name = Products;
			sourceTree = "<group>";
		};
		52BBBBF32B51713F007511C9 /* TCA_tutorial */ = {
			isa = PBXGroup;
			children = (
				52BBBBF42B51713F007511C9 /* TCA_tutorialApp.swift */,
				52BBBBF62B51713F007511C9 /* CounterView.swift */,
				52BBBC212B5171CF007511C9 /* CounterFeature.swift */,
				52BBBBF82B517142007511C9 /* Assets.xcassets */,
				52BBBBFA2B517142007511C9 /* Preview Content */,
			);
			path = TCA_tutorial;
			sourceTree = "<group>";
		};
		52BBBBFA2B517142007511C9 /* Preview Content */ = {
			isa = PBXGroup;
			children = (
				52BBBBFB2B517142007511C9 /* Preview Assets.xcassets */,
			);
			path = "Preview Content";
			sourceTree = "<group>";
		};
		52BBBC042B517142007511C9 /* TCA_tutorialTests */ = {
			isa = PBXGroup;
			children = (
				52BBBC052B517142007511C9 /* TCA_tutorialTests.swift */,
			);
			path = TCA_tutorialTests;
			sourceTree = "<group>";
		};
		52BBBC0E2B517142007511C9 /* TCA_tutorialUITests */ = {
			isa = PBXGroup;
			children = (
				52BBBC0F2B517142007511C9 /* TCA_tutorialUITests.swift */,
				52BBBC112B517142007511C9 /* TCA_tutorialUITestsLaunchTests.swift */,
			);
			path = TCA_tutorialUITests;
			sourceTree = "<group>";
		};
		52BBBC232B517227007511C9 /* Frameworks */ = {
			isa = PBXGroup;
			children = (
			);
			name = Frameworks;
			sourceTree = "<group>";
		};
/* End PBXGroup section */

/* Begin PBXNativeTarget section */
		52BBBBF02B51713F007511C9 /* TCA_tutorial */ = {
			isa = PBXNativeTarget;
			buildConfigurationList = 52BBBC152B517142007511C9 /* Build configuration list for PBXNativeTarget "TCA_tutorial" */;
			buildPhases = (
				52BBBBED2B51713F007511C9 /* Sources */,
				52BBBBEE2B51713F007511C9 /* Frameworks */,
				52BBBBEF2B51713F007511C9 /* Resources */,
			);
			buildRules = (
			);
			dependencies = (
			);
			name = TCA_tutorial;
			packageProductDependencies = (
				52BBBC1F2B51719D007511C9 /* ComposableArchitecture */,
			);
			productName = TCA_tutorial;
			productReference = 52BBBBF12B51713F007511C9 /* TCA_tutorial.app */;
			productType = "com.apple.product-type.application";
		};
		52BBBC002B517142007511C9 /* TCA_tutorialTests */ = {
			isa = PBXNativeTarget;
			buildConfigurationList = 52BBBC182B517142007511C9 /* Build configuration list for PBXNativeTarget "TCA_tutorialTests" */;
			buildPhases = (
				52BBBBFD2B517142007511C9 /* Sources */,
				52BBBBFE2B517142007511C9 /* Frameworks */,
				52BBBBFF2B517142007511C9 /* Resources */,
			);
			buildRules = (
			);
			dependencies = (
				52BBBC032B517142007511C9 /* PBXTargetDependency */,
			);
			name = TCA_tutorialTests;
			packageProductDependencies = (
				52BBBC242B517227007511C9 /* ComposableArchitecture */,
			);
			productName = TCA_tutorialTests;
			productReference = 52BBBC012B517142007511C9 /* TCA_tutorialTests.xctest */;
			productType = "com.apple.product-type.bundle.unit-test";
		};
		52BBBC0A2B517142007511C9 /* TCA_tutorialUITests */ = {
			isa = PBXNativeTarget;
			buildConfigurationList = 52BBBC1B2B517142007511C9 /* Build configuration list for PBXNativeTarget "TCA_tutorialUITests" */;
			buildPhases = (
				52BBBC072B517142007511C9 /* Sources */,
				52BBBC082B517142007511C9 /* Frameworks */,
				52BBBC092B517142007511C9 /* Resources */,
			);
			buildRules = (
			);
			dependencies = (
				52BBBC0D2B517142007511C9 /* PBXTargetDependency */,
			);
			name = TCA_tutorialUITests;
			packageProductDependencies = (
				52BBBC262B51722E007511C9 /* ComposableArchitecture */,
			);
			productName = TCA_tutorialUITests;
			productReference = 52BBBC0B2B517142007511C9 /* TCA_tutorialUITests.xctest */;
			productType = "com.apple.product-type.bundle.ui-testing";
		};
/* End PBXNativeTarget section */

/* Begin PBXProject section */
		52BBBBE92B51713F007511C9 /* Project object */ = {
			isa = PBXProject;
			attributes = {
				BuildIndependentTargetsInParallel = 1;
				LastSwiftUpdateCheck = 1520;
				LastUpgradeCheck = 1520;
				TargetAttributes = {
					52BBBBF02B51713F007511C9 = {
						CreatedOnToolsVersion = 15.2;
					};
					52BBBC002B517142007511C9 = {
						CreatedOnToolsVersion = 15.2;
						TestTargetID = 52BBBBF02B51713F007511C9;
					};
					52BBBC0A2B517142007511C9 = {
						CreatedOnToolsVersion = 15.2;
						TestTargetID = 52BBBBF02B51713F007511C9;
					};
				};
			};
			buildConfigurationList = 52BBBBEC2B51713F007511C9 /* Build configuration list for PBXProject "TCA_tutorial" */;
			compatibilityVersion = "Xcode 14.0";
			developmentRegion = en;
			hasScannedForEncodings = 0;
			knownRegions = (
				en,
				Base,
			);
			mainGroup = 52BBBBE82B51713F007511C9;
			packageReferences = (
				52BBBC1E2B51719C007511C9 /* XCRemoteSwiftPackageReference "swift-composable-architecture" */,
			);
			productRefGroup = 52BBBBF22B51713F007511C9 /* Products */;
			projectDirPath = "";
			projectRoot = "";
			targets = (
				52BBBBF02B51713F007511C9 /* TCA_tutorial */,
				52BBBC002B517142007511C9 /* TCA_tutorialTests */,
				52BBBC0A2B517142007511C9 /* TCA_tutorialUITests */,
			);
		};
/* End PBXProject section */

/* Begin PBXResourcesBuildPhase section */
		52BBBBEF2B51713F007511C9 /* Resources */ = {
			isa = PBXResourcesBuildPhase;
			buildActionMask = 2147483647;
			files = (
				52BBBBFC2B517142007511C9 /* Preview Assets.xcassets in Resources */,
				52BBBBF92B517142007511C9 /* Assets.xcassets in Resources */,
			);
			runOnlyForDeploymentPostprocessing = 0;
		};
		52BBBBFF2B517142007511C9 /* Resources */ = {
			isa = PBXResourcesBuildPhase;
			buildActionMask = 2147483647;
			files = (
			);
			runOnlyForDeploymentPostprocessing = 0;
		};
		52BBBC092B517142007511C9 /* Resources */ = {
			isa = PBXResourcesBuildPhase;
			buildActionMask = 2147483647;
			files = (
			);
			runOnlyForDeploymentPostprocessing = 0;
		};
/* End PBXResourcesBuildPhase section */

/* Begin PBXSourcesBuildPhase section */
		52BBBBED2B51713F007511C9 /* Sources */ = {
			isa = PBXSourcesBuildPhase;
			buildActionMask = 2147483647;
			files = (
				52BBBC222B5171CF007511C9 /* CounterFeature.swift in Sources */,
				52BBBBF72B51713F007511C9 /* CounterView.swift in Sources */,
				52BBBBF52B51713F007511C9 /* TCA_tutorialApp.swift in Sources */,
			);
			runOnlyForDeploymentPostprocessing = 0;
		};
		52BBBBFD2B517142007511C9 /* Sources */ = {
			isa = PBXSourcesBuildPhase;
			buildActionMask = 2147483647;
			files = (
				52BBBC062B517142007511C9 /* TCA_tutorialTests.swift in Sources */,
			);
			runOnlyForDeploymentPostprocessing = 0;
		};
		52BBBC072B517142007511C9 /* Sources */ = {
			isa = PBXSourcesBuildPhase;
			buildActionMask = 2147483647;
			files = (
				52BBBC102B517142007511C9 /* TCA_tutorialUITests.swift in Sources */,
				52BBBC122B517142007511C9 /* TCA_tutorialUITestsLaunchTests.swift in Sources */,
			);
			runOnlyForDeploymentPostprocessing = 0;
		};
/* End PBXSourcesBuildPhase section */

/* Begin PBXTargetDependency section */
		52BBBC032B517142007511C9 /* PBXTargetDependency */ = {
			isa = PBXTargetDependency;
			target = 52BBBBF02B51713F007511C9 /* TCA_tutorial */;
			targetProxy = 52BBBC022B517142007511C9 /* PBXContainerItemProxy */;
		};
		52BBBC0D2B517142007511C9 /* PBXTargetDependency */ = {
			isa = PBXTargetDependency;
			target = 52BBBBF02B51713F007511C9 /* TCA_tutorial */;
			targetProxy = 52BBBC0C2B517142007511C9 /* PBXContainerItemProxy */;
		};
/* End PBXTargetDependency section */

/* Begin XCBuildConfiguration section */
		52BBBC132B517142007511C9 /* Debug */ = {
			isa = XCBuildConfiguration;
			buildSettings = {
				ALWAYS_SEARCH_USER_PATHS = NO;
				ASSETCATALOG_COMPILER_GENERATE_SWIFT_ASSET_SYMBOL_EXTENSIONS = YES;
				CLANG_ANALYZER_NONNULL = YES;
				CLANG_ANALYZER_NUMBER_OBJECT_CONVERSION = YES_AGGRESSIVE;
				CLANG_CXX_LANGUAGE_STANDARD = "gnu++20";
				CLANG_ENABLE_MODULES = YES;
				CLANG_ENABLE_OBJC_ARC = YES;
				CLANG_ENABLE_OBJC_WEAK = YES;
				CLANG_WARN_BLOCK_CAPTURE_AUTORELEASING = YES;
				CLANG_WARN_BOOL_CONVERSION = YES;
				CLANG_WARN_COMMA = YES;
				CLANG_WARN_CONSTANT_CONVERSION = YES;
				CLANG_WARN_DEPRECATED_OBJC_IMPLEMENTATIONS = YES;
				CLANG_WARN_DIRECT_OBJC_ISA_USAGE = YES_ERROR;
				CLANG_WARN_DOCUMENTATION_COMMENTS = YES;
				CLANG_WARN_EMPTY_BODY = YES;
				CLANG_WARN_ENUM_CONVERSION = YES;
				CLANG_WARN_INFINITE_RECURSION = YES;
				CLANG_WARN_INT_CONVERSION = YES;
				CLANG_WARN_NON_LITERAL_NULL_CONVERSION = YES;
				CLANG_WARN_OBJC_IMPLICIT_RETAIN_SELF = YES;
				CLANG_WARN_OBJC_LITERAL_CONVERSION = YES;
				CLANG_WARN_OBJC_ROOT_CLASS = YES_ERROR;
				CLANG_WARN_QUOTED_INCLUDE_IN_FRAMEWORK_HEADER = YES;
				CLANG_WARN_RANGE_LOOP_ANALYSIS = YES;
				CLANG_WARN_STRICT_PROTOTYPES = YES;
				CLANG_WARN_SUSPICIOUS_MOVE = YES;
				CLANG_WARN_UNGUARDED_AVAILABILITY = YES_AGGRESSIVE;
				CLANG_WARN_UNREACHABLE_CODE = YES;
				CLANG_WARN__DUPLICATE_METHOD_MATCH = YES;
				COPY_PHASE_STRIP = NO;
				DEBUG_INFORMATION_FORMAT = dwarf;
				ENABLE_STRICT_OBJC_MSGSEND = YES;
				ENABLE_TESTABILITY = YES;
				ENABLE_USER_SCRIPT_SANDBOXING = YES;
				GCC_C_LANGUAGE_STANDARD = gnu17;
				GCC_DYNAMIC_NO_PIC = NO;
				GCC_NO_COMMON_BLOCKS = YES;
				GCC_OPTIMIZATION_LEVEL = 0;
				GCC_PREPROCESSOR_DEFINITIONS = (
					"DEBUG=1",
					"$(inherited)",
				);
				GCC_WARN_64_TO_32_BIT_CONVERSION = YES;
				GCC_WARN_ABOUT_RETURN_TYPE = YES_ERROR;
				GCC_WARN_UNDECLARED_SELECTOR = YES;
				GCC_WARN_UNINITIALIZED_AUTOS = YES_AGGRESSIVE;
				GCC_WARN_UNUSED_FUNCTION = YES;
				GCC_WARN_UNUSED_VARIABLE = YES;
				IPHONEOS_DEPLOYMENT_TARGET = 17.2;
				LOCALIZATION_PREFERS_STRING_CATALOGS = YES;
				MTL_ENABLE_DEBUG_INFO = INCLUDE_SOURCE;
				MTL_FAST_MATH = YES;
				ONLY_ACTIVE_ARCH = YES;
				SDKROOT = iphoneos;
				SWIFT_ACTIVE_COMPILATION_CONDITIONS = "DEBUG $(inherited)";
				SWIFT_OPTIMIZATION_LEVEL = "-Onone";
			};
			name = Debug;
		};
		52BBBC142B517142007511C9 /* Release */ = {
			isa = XCBuildConfiguration;
			buildSettings = {
				ALWAYS_SEARCH_USER_PATHS = NO;
				ASSETCATALOG_COMPILER_GENERATE_SWIFT_ASSET_SYMBOL_EXTENSIONS = YES;
				CLANG_ANALYZER_NONNULL = YES;
				CLANG_ANALYZER_NUMBER_OBJECT_CONVERSION = YES_AGGRESSIVE;
				CLANG_CXX_LANGUAGE_STANDARD = "gnu++20";
				CLANG_ENABLE_MODULES = YES;
				CLANG_ENABLE_OBJC_ARC = YES;
				CLANG_ENABLE_OBJC_WEAK = YES;
				CLANG_WARN_BLOCK_CAPTURE_AUTORELEASING = YES;
				CLANG_WARN_BOOL_CONVERSION = YES;
				CLANG_WARN_COMMA = YES;
				CLANG_WARN_CONSTANT_CONVERSION = YES;
				CLANG_WARN_DEPRECATED_OBJC_IMPLEMENTATIONS = YES;
				CLANG_WARN_DIRECT_OBJC_ISA_USAGE = YES_ERROR;
				CLANG_WARN_DOCUMENTATION_COMMENTS = YES;
				CLANG_WARN_EMPTY_BODY = YES;
				CLANG_WARN_ENUM_CONVERSION = YES;
				CLANG_WARN_INFINITE_RECURSION = YES;
				CLANG_WARN_INT_CONVERSION = YES;
				CLANG_WARN_NON_LITERAL_NULL_CONVERSION = YES;
				CLANG_WARN_OBJC_IMPLICIT_RETAIN_SELF = YES;
				CLANG_WARN_OBJC_LITERAL_CONVERSION = YES;
				CLANG_WARN_OBJC_ROOT_CLASS = YES_ERROR;
				CLANG_WARN_QUOTED_INCLUDE_IN_FRAMEWORK_HEADER = YES;
				CLANG_WARN_RANGE_LOOP_ANALYSIS = YES;
				CLANG_WARN_STRICT_PROTOTYPES = YES;
				CLANG_WARN_SUSPICIOUS_MOVE = YES;
				CLANG_WARN_UNGUARDED_AVAILABILITY = YES_AGGRESSIVE;
				CLANG_WARN_UNREACHABLE_CODE = YES;
				CLANG_WARN__DUPLICATE_METHOD_MATCH = YES;
				COPY_PHASE_STRIP = NO;
				DEBUG_INFORMATION_FORMAT = "dwarf-with-dsym";
				ENABLE_NS_ASSERTIONS = NO;
				ENABLE_STRICT_OBJC_MSGSEND = YES;
				ENABLE_USER_SCRIPT_SANDBOXING = YES;
				GCC_C_LANGUAGE_STANDARD = gnu17;
				GCC_NO_COMMON_BLOCKS = YES;
				GCC_WARN_64_TO_32_BIT_CONVERSION = YES;
				GCC_WARN_ABOUT_RETURN_TYPE = YES_ERROR;
				GCC_WARN_UNDECLARED_SELECTOR = YES;
				GCC_WARN_UNINITIALIZED_AUTOS = YES_AGGRESSIVE;
				GCC_WARN_UNUSED_FUNCTION = YES;
				GCC_WARN_UNUSED_VARIABLE = YES;
				IPHONEOS_DEPLOYMENT_TARGET = 17.2;
				LOCALIZATION_PREFERS_STRING_CATALOGS = YES;
				MTL_ENABLE_DEBUG_INFO = NO;
				MTL_FAST_MATH = YES;
				SDKROOT = iphoneos;
				SWIFT_COMPILATION_MODE = wholemodule;
				VALIDATE_PRODUCT = YES;
			};
			name = Release;
		};
		52BBBC162B517142007511C9 /* Debug */ = {
			isa = XCBuildConfiguration;
			buildSettings = {
				ASSETCATALOG_COMPILER_APPICON_NAME = AppIcon;
				ASSETCATALOG_COMPILER_GLOBAL_ACCENT_COLOR_NAME = AccentColor;
				CODE_SIGN_STYLE = Automatic;
				CURRENT_PROJECT_VERSION = 1;
				DEVELOPMENT_ASSET_PATHS = "\"TCA_tutorial/Preview Content\"";
				DEVELOPMENT_TEAM = 8383VR3NFP;
				ENABLE_PREVIEWS = YES;
				GENERATE_INFOPLIST_FILE = YES;
				INFOPLIST_KEY_UIApplicationSceneManifest_Generation = YES;
				INFOPLIST_KEY_UIApplicationSupportsIndirectInputEvents = YES;
				INFOPLIST_KEY_UILaunchScreen_Generation = YES;
				INFOPLIST_KEY_UISupportedInterfaceOrientations_iPad = "UIInterfaceOrientationPortrait UIInterfaceOrientationPortraitUpsideDown UIInterfaceOrientationLandscapeLeft UIInterfaceOrientationLandscapeRight";
				INFOPLIST_KEY_UISupportedInterfaceOrientations_iPhone = "UIInterfaceOrientationPortrait UIInterfaceOrientationLandscapeLeft UIInterfaceOrientationLandscapeRight";
				IPHONEOS_DEPLOYMENT_TARGET = 17.0;
				LD_RUNPATH_SEARCH_PATHS = (
					"$(inherited)",
					"@executable_path/Frameworks",
				);
				MARKETING_VERSION = 1.0;
				PRODUCT_BUNDLE_IDENTIFIER = "com.mminy62.TCA-tutorial";
				PRODUCT_NAME = "$(TARGET_NAME)";
				SWIFT_EMIT_LOC_STRINGS = YES;
				SWIFT_VERSION = 5.0;
				TARGETED_DEVICE_FAMILY = "1,2";
			};
			name = Debug;
		};
		52BBBC172B517142007511C9 /* Release */ = {
			isa = XCBuildConfiguration;
			buildSettings = {
				ASSETCATALOG_COMPILER_APPICON_NAME = AppIcon;
				ASSETCATALOG_COMPILER_GLOBAL_ACCENT_COLOR_NAME = AccentColor;
				CODE_SIGN_STYLE = Automatic;
				CURRENT_PROJECT_VERSION = 1;
				DEVELOPMENT_ASSET_PATHS = "\"TCA_tutorial/Preview Content\"";
				DEVELOPMENT_TEAM = 8383VR3NFP;
				ENABLE_PREVIEWS = YES;
				GENERATE_INFOPLIST_FILE = YES;
				INFOPLIST_KEY_UIApplicationSceneManifest_Generation = YES;
				INFOPLIST_KEY_UIApplicationSupportsIndirectInputEvents = YES;
				INFOPLIST_KEY_UILaunchScreen_Generation = YES;
				INFOPLIST_KEY_UISupportedInterfaceOrientations_iPad = "UIInterfaceOrientationPortrait UIInterfaceOrientationPortraitUpsideDown UIInterfaceOrientationLandscapeLeft UIInterfaceOrientationLandscapeRight";
				INFOPLIST_KEY_UISupportedInterfaceOrientations_iPhone = "UIInterfaceOrientationPortrait UIInterfaceOrientationLandscapeLeft UIInterfaceOrientationLandscapeRight";
				IPHONEOS_DEPLOYMENT_TARGET = 17.0;
				LD_RUNPATH_SEARCH_PATHS = (
					"$(inherited)",
					"@executable_path/Frameworks",
				);
				MARKETING_VERSION = 1.0;
				PRODUCT_BUNDLE_IDENTIFIER = "com.mminy62.TCA-tutorial";
				PRODUCT_NAME = "$(TARGET_NAME)";
				SWIFT_EMIT_LOC_STRINGS = YES;
				SWIFT_VERSION = 5.0;
				TARGETED_DEVICE_FAMILY = "1,2";
			};
			name = Release;
		};
		52BBBC192B517142007511C9 /* Debug */ = {
			isa = XCBuildConfiguration;
			buildSettings = {
				ALWAYS_EMBED_SWIFT_STANDARD_LIBRARIES = YES;
				BUNDLE_LOADER = "$(TEST_HOST)";
				CODE_SIGN_STYLE = Automatic;
				CURRENT_PROJECT_VERSION = 1;
				DEVELOPMENT_TEAM = 8383VR3NFP;
				GENERATE_INFOPLIST_FILE = YES;
				IPHONEOS_DEPLOYMENT_TARGET = 17.0;
				MARKETING_VERSION = 1.0;
				PRODUCT_BUNDLE_IDENTIFIER = "com.mminy62.TCA-tutorialTests";
				PRODUCT_NAME = "$(TARGET_NAME)";
				SWIFT_EMIT_LOC_STRINGS = NO;
				SWIFT_VERSION = 5.0;
				TARGETED_DEVICE_FAMILY = "1,2";
				TEST_HOST = "$(BUILT_PRODUCTS_DIR)/TCA_tutorial.app/$(BUNDLE_EXECUTABLE_FOLDER_PATH)/TCA_tutorial";
			};
			name = Debug;
		};
		52BBBC1A2B517142007511C9 /* Release */ = {
			isa = XCBuildConfiguration;
			buildSettings = {
				ALWAYS_EMBED_SWIFT_STANDARD_LIBRARIES = YES;
				BUNDLE_LOADER = "$(TEST_HOST)";
				CODE_SIGN_STYLE = Automatic;
				CURRENT_PROJECT_VERSION = 1;
				DEVELOPMENT_TEAM = 8383VR3NFP;
				GENERATE_INFOPLIST_FILE = YES;
				IPHONEOS_DEPLOYMENT_TARGET = 17.0;
				MARKETING_VERSION = 1.0;
				PRODUCT_BUNDLE_IDENTIFIER = "com.mminy62.TCA-tutorialTests";
				PRODUCT_NAME = "$(TARGET_NAME)";
				SWIFT_EMIT_LOC_STRINGS = NO;
				SWIFT_VERSION = 5.0;
				TARGETED_DEVICE_FAMILY = "1,2";
				TEST_HOST = "$(BUILT_PRODUCTS_DIR)/TCA_tutorial.app/$(BUNDLE_EXECUTABLE_FOLDER_PATH)/TCA_tutorial";
			};
			name = Release;
		};
		52BBBC1C2B517142007511C9 /* Debug */ = {
			isa = XCBuildConfiguration;
			buildSettings = {
				ALWAYS_EMBED_SWIFT_STANDARD_LIBRARIES = YES;
				CODE_SIGN_STYLE = Automatic;
				CURRENT_PROJECT_VERSION = 1;
				DEVELOPMENT_TEAM = 8383VR3NFP;
				GENERATE_INFOPLIST_FILE = YES;
				IPHONEOS_DEPLOYMENT_TARGET = 17.0;
				MARKETING_VERSION = 1.0;
				PRODUCT_BUNDLE_IDENTIFIER = "com.mminy62.TCA-tutorialUITests";
				PRODUCT_NAME = "$(TARGET_NAME)";
				SWIFT_EMIT_LOC_STRINGS = NO;
				SWIFT_VERSION = 5.0;
				TARGETED_DEVICE_FAMILY = "1,2";
				TEST_TARGET_NAME = TCA_tutorial;
			};
			name = Debug;
		};
		52BBBC1D2B517142007511C9 /* Release */ = {
			isa = XCBuildConfiguration;
			buildSettings = {
				ALWAYS_EMBED_SWIFT_STANDARD_LIBRARIES = YES;
				CODE_SIGN_STYLE = Automatic;
				CURRENT_PROJECT_VERSION = 1;
				DEVELOPMENT_TEAM = 8383VR3NFP;
				GENERATE_INFOPLIST_FILE = YES;
				IPHONEOS_DEPLOYMENT_TARGET = 17.0;
				MARKETING_VERSION = 1.0;
				PRODUCT_BUNDLE_IDENTIFIER = "com.mminy62.TCA-tutorialUITests";
				PRODUCT_NAME = "$(TARGET_NAME)";
				SWIFT_EMIT_LOC_STRINGS = NO;
				SWIFT_VERSION = 5.0;
				TARGETED_DEVICE_FAMILY = "1,2";
				TEST_TARGET_NAME = TCA_tutorial;
			};
			name = Release;
		};
/* End XCBuildConfiguration section */

/* Begin XCConfigurationList section */
		52BBBBEC2B51713F007511C9 /* Build configuration list for PBXProject "TCA_tutorial" */ = {
			isa = XCConfigurationList;
			buildConfigurations = (
				52BBBC132B517142007511C9 /* Debug */,
				52BBBC142B517142007511C9 /* Release */,
			);
			defaultConfigurationIsVisible = 0;
			defaultConfigurationName = Release;
		};
		52BBBC152B517142007511C9 /* Build configuration list for PBXNativeTarget "TCA_tutorial" */ = {
			isa = XCConfigurationList;
			buildConfigurations = (
				52BBBC162B517142007511C9 /* Debug */,
				52BBBC172B517142007511C9 /* Release */,
			);
			defaultConfigurationIsVisible = 0;
			defaultConfigurationName = Release;
		};
		52BBBC182B517142007511C9 /* Build configuration list for PBXNativeTarget "TCA_tutorialTests" */ = {
			isa = XCConfigurationList;
			buildConfigurations = (
				52BBBC192B517142007511C9 /* Debug */,
				52BBBC1A2B517142007511C9 /* Release */,
			);
			defaultConfigurationIsVisible = 0;
			defaultConfigurationName = Release;
		};
		52BBBC1B2B517142007511C9 /* Build configuration list for PBXNativeTarget "TCA_tutorialUITests" */ = {
			isa = XCConfigurationList;
			buildConfigurations = (
				52BBBC1C2B517142007511C9 /* Debug */,
				52BBBC1D2B517142007511C9 /* Release */,
			);
			defaultConfigurationIsVisible = 0;
			defaultConfigurationName = Release;
		};
/* End XCConfigurationList section */

/* Begin XCRemoteSwiftPackageReference section */
		52BBBC1E2B51719C007511C9 /* XCRemoteSwiftPackageReference "swift-composable-architecture" */ = {
			isa = XCRemoteSwiftPackageReference;
			repositoryURL = "https://github.com/pointfreeco/swift-composable-architecture";
			requirement = {
				kind = upToNextMajorVersion;
				minimumVersion = 1.6.0;
			};
		};
/* End XCRemoteSwiftPackageReference section */

/* Begin XCSwiftPackageProductDependency section */
		52BBBC1F2B51719D007511C9 /* ComposableArchitecture */ = {
			isa = XCSwiftPackageProductDependency;
			package = 52BBBC1E2B51719C007511C9 /* XCRemoteSwiftPackageReference "swift-composable-architecture" */;
			productName = ComposableArchitecture;
		};
		52BBBC242B517227007511C9 /* ComposableArchitecture */ = {
			isa = XCSwiftPackageProductDependency;
			package = 52BBBC1E2B51719C007511C9 /* XCRemoteSwiftPackageReference "swift-composable-architecture" */;
			productName = ComposableArchitecture;
		};
		52BBBC262B51722E007511C9 /* ComposableArchitecture */ = {
			isa = XCSwiftPackageProductDependency;
			package = 52BBBC1E2B51719C007511C9 /* XCRemoteSwiftPackageReference "swift-composable-architecture" */;
			productName = ComposableArchitecture;
		};
/* End XCSwiftPackageProductDependency section */
	};
	rootObject = 52BBBBE92B51713F007511C9 /* Project object */;
}
