// !$*UTF8*$!
{
	archiveVersion = 1;
	classes = {
	};
	objectVersion = 56;
	objects = {

/* Begin PBXBuildFile section */
		527614912B044A8A002CEF0C /* AppDelegate.swift in Sources */ = {isa = PBXBuildFile; fileRef = 527614902B044A8A002CEF0C /* AppDelegate.swift */; };
		527614932B044A8A002CEF0C /* SceneDelegate.swift in Sources */ = {isa = PBXBuildFile; fileRef = 527614922B044A8A002CEF0C /* SceneDelegate.swift */; };
		527614952B044A8A002CEF0C /* ViewController.swift in Sources */ = {isa = PBXBuildFile; fileRef = 527614942B044A8A002CEF0C /* ViewController.swift */; };
		527614982B044A8A002CEF0C /* Main.storyboard in Resources */ = {isa = PBXBuildFile; fileRef = 527614962B044A8A002CEF0C /* Main.storyboard */; };
		5276149A2B044A8B002CEF0C /* Assets.xcassets in Resources */ = {isa = PBXBuildFile; fileRef = 527614992B044A8B002CEF0C /* Assets.xcassets */; };
		5276149D2B044A8B002CEF0C /* LaunchScreen.storyboard in Resources */ = {isa = PBXBuildFile; fileRef = 5276149B2B044A8B002CEF0C /* LaunchScreen.storyboard */; };
		527614A52B044CCA002CEF0C /* nature.png in Resources */ = {isa = PBXBuildFile; fileRef = 527614A42B044CCA002CEF0C /* nature.png */; };
		527614A72B045128002CEF0C /* ocean.png in Resources */ = {isa = PBXBuildFile; fileRef = 527614A62B045128002CEF0C /* ocean.png */; };
		527614A92B048067002CEF0C /* PageControllView.swift in Sources */ = {isa = PBXBuildFile; fileRef = 527614A82B048067002CEF0C /* PageControllView.swift */; };
/* End PBXBuildFile section */

/* Begin PBXFileReference section */
		5276148D2B044A8A002CEF0C /* StoryboardDemo.app */ = {isa = PBXFileReference; explicitFileType = wrapper.application; includeInIndex = 0; path = StoryboardDemo.app; sourceTree = BUILT_PRODUCTS_DIR; };
		527614902B044A8A002CEF0C /* AppDelegate.swift */ = {isa = PBXFileReference; lastKnownFileType = sourcecode.swift; path = AppDelegate.swift; sourceTree = "<group>"; };
		527614922B044A8A002CEF0C /* SceneDelegate.swift */ = {isa = PBXFileReference; lastKnownFileType = sourcecode.swift; path = SceneDelegate.swift; sourceTree = "<group>"; };
		527614942B044A8A002CEF0C /* ViewController.swift */ = {isa = PBXFileReference; lastKnownFileType = sourcecode.swift; path = ViewController.swift; sourceTree = "<group>"; };
		527614972B044A8A002CEF0C /* Base */ = {isa = PBXFileReference; lastKnownFileType = file.storyboard; name = Base; path = Base.lproj/Main.storyboard; sourceTree = "<group>"; };
		527614992B044A8B002CEF0C /* Assets.xcassets */ = {isa = PBXFileReference; lastKnownFileType = folder.assetcatalog; path = Assets.xcassets; sourceTree = "<group>"; };
		5276149C2B044A8B002CEF0C /* Base */ = {isa = PBXFileReference; lastKnownFileType = file.storyboard; name = Base; path = Base.lproj/LaunchScreen.storyboard; sourceTree = "<group>"; };
		5276149E2B044A8B002CEF0C /* Info.plist */ = {isa = PBXFileReference; lastKnownFileType = text.plist.xml; path = Info.plist; sourceTree = "<group>"; };
		527614A42B044CCA002CEF0C /* nature.png */ = {isa = PBXFileReference; lastKnownFileType = image.png; path = nature.png; sourceTree = "<group>"; };
		527614A62B045128002CEF0C /* ocean.png */ = {isa = PBXFileReference; lastKnownFileType = image.png; path = ocean.png; sourceTree = "<group>"; };
		527614A82B048067002CEF0C /* PageControllView.swift */ = {isa = PBXFileReference; lastKnownFileType = sourcecode.swift; path = PageControllView.swift; sourceTree = "<group>"; };
/* End PBXFileReference section */

/* Begin PBXFrameworksBuildPhase section */
		5276148A2B044A8A002CEF0C /* Frameworks */ = {
			isa = PBXFrameworksBuildPhase;
			buildActionMask = 2147483647;
			files = (
			);
			runOnlyForDeploymentPostprocessing = 0;
		};
/* End PBXFrameworksBuildPhase section */

/* Begin PBXGroup section */
		527614842B044A8A002CEF0C = {
			isa = PBXGroup;
			children = (
				5276148F2B044A8A002CEF0C /* StoryboardDemo */,
				5276148E2B044A8A002CEF0C /* Products */,
			);
			sourceTree = "<group>";
		};
		5276148E2B044A8A002CEF0C /* Products */ = {
			isa = PBXGroup;
			children = (
				5276148D2B044A8A002CEF0C /* StoryboardDemo.app */,
			);
			name = Products;
			sourceTree = "<group>";
		};
		5276148F2B044A8A002CEF0C /* StoryboardDemo */ = {
			isa = PBXGroup;
			children = (
				527614902B044A8A002CEF0C /* AppDelegate.swift */,
				527614922B044A8A002CEF0C /* SceneDelegate.swift */,
				527614942B044A8A002CEF0C /* ViewController.swift */,
				527614962B044A8A002CEF0C /* Main.storyboard */,
				527614992B044A8B002CEF0C /* Assets.xcassets */,
				527614A42B044CCA002CEF0C /* nature.png */,
				5276149B2B044A8B002CEF0C /* LaunchScreen.storyboard */,
				5276149E2B044A8B002CEF0C /* Info.plist */,
				527614A62B045128002CEF0C /* ocean.png */,
				527614A82B048067002CEF0C /* PageControllView.swift */,
			);
			path = StoryboardDemo;
			sourceTree = "<group>";
		};
/* End PBXGroup section */

/* Begin PBXNativeTarget section */
		5276148C2B044A8A002CEF0C /* StoryboardDemo */ = {
			isa = PBXNativeTarget;
			buildConfigurationList = 527614A12B044A8B002CEF0C /* Build configuration list for PBXNativeTarget "StoryboardDemo" */;
			buildPhases = (
				527614892B044A8A002CEF0C /* Sources */,
				5276148A2B044A8A002CEF0C /* Frameworks */,
				5276148B2B044A8A002CEF0C /* Resources */,
			);
			buildRules = (
			);
			dependencies = (
			);
			name = StoryboardDemo;
			productName = StoryboardDemo;
			productReference = 5276148D2B044A8A002CEF0C /* StoryboardDemo.app */;
			productType = "com.apple.product-type.application";
		};
/* End PBXNativeTarget section */

/* Begin PBXProject section */
		527614852B044A8A002CEF0C /* Project object */ = {
			isa = PBXProject;
			attributes = {
				BuildIndependentTargetsInParallel = 1;
				LastSwiftUpdateCheck = 1500;
				LastUpgradeCheck = 1500;
				TargetAttributes = {
					5276148C2B044A8A002CEF0C = {
						CreatedOnToolsVersion = 15.0;
					};
				};
			};
			buildConfigurationList = 527614882B044A8A002CEF0C /* Build configuration list for PBXProject "StoryboardDemo" */;
			compatibilityVersion = "Xcode 14.0";
			developmentRegion = en;
			hasScannedForEncodings = 0;
			knownRegions = (
				en,
				Base,
			);
			mainGroup = 527614842B044A8A002CEF0C;
			productRefGroup = 5276148E2B044A8A002CEF0C /* Products */;
			projectDirPath = "";
			projectRoot = "";
			targets = (
				5276148C2B044A8A002CEF0C /* StoryboardDemo */,
			);
		};
/* End PBXProject section */

/* Begin PBXResourcesBuildPhase section */
		5276148B2B044A8A002CEF0C /* Resources */ = {
			isa = PBXResourcesBuildPhase;
			buildActionMask = 2147483647;
			files = (
				527614A52B044CCA002CEF0C /* nature.png in Resources */,
				5276149D2B044A8B002CEF0C /* LaunchScreen.storyboard in Resources */,
				527614A72B045128002CEF0C /* ocean.png in Resources */,
				5276149A2B044A8B002CEF0C /* Assets.xcassets in Resources */,
				527614982B044A8A002CEF0C /* Main.storyboard in Resources */,
			);
			runOnlyForDeploymentPostprocessing = 0;
		};
/* End PBXResourcesBuildPhase section */

/* Begin PBXSourcesBuildPhase section */
		527614892B044A8A002CEF0C /* Sources */ = {
			isa = PBXSourcesBuildPhase;
			buildActionMask = 2147483647;
			files = (
				527614952B044A8A002CEF0C /* ViewController.swift in Sources */,
				527614912B044A8A002CEF0C /* AppDelegate.swift in Sources */,
				527614A92B048067002CEF0C /* PageControllView.swift in Sources */,
				527614932B044A8A002CEF0C /* SceneDelegate.swift in Sources */,
			);
			runOnlyForDeploymentPostprocessing = 0;
		};
/* End PBXSourcesBuildPhase section */

/* Begin PBXVariantGroup section */
		527614962B044A8A002CEF0C /* Main.storyboard */ = {
			isa = PBXVariantGroup;
			children = (
				527614972B044A8A002CEF0C /* Base */,
			);
			name = Main.storyboard;
			sourceTree = "<group>";
		};
		5276149B2B044A8B002CEF0C /* LaunchScreen.storyboard */ = {
			isa = PBXVariantGroup;
			children = (
				5276149C2B044A8B002CEF0C /* Base */,
			);
			name = LaunchScreen.storyboard;
			sourceTree = "<group>";
		};
/* End PBXVariantGroup section */

/* Begin XCBuildConfiguration section */
		5276149F2B044A8B002CEF0C /* Debug */ = {
			isa = XCBuildConfiguration;
			buildSettings = {
				ALWAYS_SEARCH_USER_PATHS = NO;
				ASSETCATALOG_COMPILER_GENERATE_SWIFT_ASSET_SYMBOL_EXTENSIONS = YES;
				CLANG_ANALYZER_NONNULL = YES;
				CLANG_ANALYZER_NUMBER_OBJECT_CONVERSION = YES_AGGRESSIVE;
				CLANG_CXX_LANGUAGE_STANDARD = "gnu++20";
				CLANG_ENABLE_MODULES = YES;
				CLANG_ENABLE_OBJC_ARC = YES;
				CLANG_ENABLE_OBJC_WEAK = YES;
				CLANG_WARN_BLOCK_CAPTURE_AUTORELEASING = YES;
				CLANG_WARN_BOOL_CONVERSION = YES;
				CLANG_WARN_COMMA = YES;
				CLANG_WARN_CONSTANT_CONVERSION = YES;
				CLANG_WARN_DEPRECATED_OBJC_IMPLEMENTATIONS = YES;
				CLANG_WARN_DIRECT_OBJC_ISA_USAGE = YES_ERROR;
				CLANG_WARN_DOCUMENTATION_COMMENTS = YES;
				CLANG_WARN_EMPTY_BODY = YES;
				CLANG_WARN_ENUM_CONVERSION = YES;
				CLANG_WARN_INFINITE_RECURSION = YES;
				CLANG_WARN_INT_CONVERSION = YES;
				CLANG_WARN_NON_LITERAL_NULL_CONVERSION = YES;
				CLANG_WARN_OBJC_IMPLICIT_RETAIN_SELF = YES;
				CLANG_WARN_OBJC_LITERAL_CONVERSION = YES;
				CLANG_WARN_OBJC_ROOT_CLASS = YES_ERROR;
				CLANG_WARN_QUOTED_INCLUDE_IN_FRAMEWORK_HEADER = YES;
				CLANG_WARN_RANGE_LOOP_ANALYSIS = YES;
				CLANG_WARN_STRICT_PROTOTYPES = YES;
				CLANG_WARN_SUSPICIOUS_MOVE = YES;
				CLANG_WARN_UNGUARDED_AVAILABILITY = YES_AGGRESSIVE;
				CLANG_WARN_UNREACHABLE_CODE = YES;
				CLANG_WARN__DUPLICATE_METHOD_MATCH = YES;
				COPY_PHASE_STRIP = NO;
				DEBUG_INFORMATION_FORMAT = dwarf;
				ENABLE_STRICT_OBJC_MSGSEND = YES;
				ENABLE_TESTABILITY = YES;
				ENABLE_USER_SCRIPT_SANDBOXING = YES;
				GCC_C_LANGUAGE_STANDARD = gnu17;
				GCC_DYNAMIC_NO_PIC = NO;
				GCC_NO_COMMON_BLOCKS = YES;
				GCC_OPTIMIZATION_LEVEL = 0;
				GCC_PREPROCESSOR_DEFINITIONS = (
					"DEBUG=1",
					"$(inherited)",
				);
				GCC_WARN_64_TO_32_BIT_CONVERSION = YES;
				GCC_WARN_ABOUT_RETURN_TYPE = YES_ERROR;
				GCC_WARN_UNDECLARED_SELECTOR = YES;
				GCC_WARN_UNINITIALIZED_AUTOS = YES_AGGRESSIVE;
				GCC_WARN_UNUSED_FUNCTION = YES;
				GCC_WARN_UNUSED_VARIABLE = YES;
				IPHONEOS_DEPLOYMENT_TARGET = 17.0;
				LOCALIZATION_PREFERS_STRING_CATALOGS = YES;
				MTL_ENABLE_DEBUG_INFO = INCLUDE_SOURCE;
				MTL_FAST_MATH = YES;
				ONLY_ACTIVE_ARCH = YES;
				SDKROOT = iphoneos;
				SWIFT_ACTIVE_COMPILATION_CONDITIONS = "DEBUG $(inherited)";
				SWIFT_OPTIMIZATION_LEVEL = "-Onone";
			};
			name = Debug;
		};
		527614A02B044A8B002CEF0C /* Release */ = {
			isa = XCBuildConfiguration;
			buildSettings = {
				ALWAYS_SEARCH_USER_PATHS = NO;
				ASSETCATALOG_COMPILER_GENERATE_SWIFT_ASSET_SYMBOL_EXTENSIONS = YES;
				CLANG_ANALYZER_NONNULL = YES;
				CLANG_ANALYZER_NUMBER_OBJECT_CONVERSION = YES_AGGRESSIVE;
				CLANG_CXX_LANGUAGE_STANDARD = "gnu++20";
				CLANG_ENABLE_MODULES = YES;
				CLANG_ENABLE_OBJC_ARC = YES;
				CLANG_ENABLE_OBJC_WEAK = YES;
				CLANG_WARN_BLOCK_CAPTURE_AUTORELEASING = YES;
				CLANG_WARN_BOOL_CONVERSION = YES;
				CLANG_WARN_COMMA = YES;
				CLANG_WARN_CONSTANT_CONVERSION = YES;
				CLANG_WARN_DEPRECATED_OBJC_IMPLEMENTATIONS = YES;
				CLANG_WARN_DIRECT_OBJC_ISA_USAGE = YES_ERROR;
				CLANG_WARN_DOCUMENTATION_COMMENTS = YES;
				CLANG_WARN_EMPTY_BODY = YES;
				CLANG_WARN_ENUM_CONVERSION = YES;
				CLANG_WARN_INFINITE_RECURSION = YES;
				CLANG_WARN_INT_CONVERSION = YES;
				CLANG_WARN_NON_LITERAL_NULL_CONVERSION = YES;
				CLANG_WARN_OBJC_IMPLICIT_RETAIN_SELF = YES;
				CLANG_WARN_OBJC_LITERAL_CONVERSION = YES;
				CLANG_WARN_OBJC_ROOT_CLASS = YES_ERROR;
				CLANG_WARN_QUOTED_INCLUDE_IN_FRAMEWORK_HEADER = YES;
				CLANG_WARN_RANGE_LOOP_ANALYSIS = YES;
				CLANG_WARN_STRICT_PROTOTYPES = YES;
				CLANG_WARN_SUSPICIOUS_MOVE = YES;
				CLANG_WARN_UNGUARDED_AVAILABILITY = YES_AGGRESSIVE;
				CLANG_WARN_UNREACHABLE_CODE = YES;
				CLANG_WARN__DUPLICATE_METHOD_MATCH = YES;
				COPY_PHASE_STRIP = NO;
				DEBUG_INFORMATION_FORMAT = "dwarf-with-dsym";
				ENABLE_NS_ASSERTIONS = NO;
				ENABLE_STRICT_OBJC_MSGSEND = YES;
				ENABLE_USER_SCRIPT_SANDBOXING = YES;
				GCC_C_LANGUAGE_STANDARD = gnu17;
				GCC_NO_COMMON_BLOCKS = YES;
				GCC_WARN_64_TO_32_BIT_CONVERSION = YES;
				GCC_WARN_ABOUT_RETURN_TYPE = YES_ERROR;
				GCC_WARN_UNDECLARED_SELECTOR = YES;
				GCC_WARN_UNINITIALIZED_AUTOS = YES_AGGRESSIVE;
				GCC_WARN_UNUSED_FUNCTION = YES;
				GCC_WARN_UNUSED_VARIABLE = YES;
				IPHONEOS_DEPLOYMENT_TARGET = 17.0;
				LOCALIZATION_PREFERS_STRING_CATALOGS = YES;
				MTL_ENABLE_DEBUG_INFO = NO;
				MTL_FAST_MATH = YES;
				SDKROOT = iphoneos;
				SWIFT_COMPILATION_MODE = wholemodule;
				VALIDATE_PRODUCT = YES;
			};
			name = Release;
		};
		527614A22B044A8B002CEF0C /* Debug */ = {
			isa = XCBuildConfiguration;
			buildSettings = {
				ASSETCATALOG_COMPILER_APPICON_NAME = AppIcon;
				ASSETCATALOG_COMPILER_GLOBAL_ACCENT_COLOR_NAME = AccentColor;
				CODE_SIGN_STYLE = Automatic;
				CURRENT_PROJECT_VERSION = 1;
				DEVELOPMENT_TEAM = 8383VR3NFP;
				GENERATE_INFOPLIST_FILE = YES;
				INFOPLIST_FILE = StoryboardDemo/Info.plist;
				INFOPLIST_KEY_UIApplicationSupportsIndirectInputEvents = YES;
				INFOPLIST_KEY_UILaunchStoryboardName = LaunchScreen;
				INFOPLIST_KEY_UIMainStoryboardFile = Main;
				INFOPLIST_KEY_UISupportedInterfaceOrientations_iPad = "UIInterfaceOrientationPortrait UIInterfaceOrientationPortraitUpsideDown UIInterfaceOrientationLandscapeLeft UIInterfaceOrientationLandscapeRight";
				INFOPLIST_KEY_UISupportedInterfaceOrientations_iPhone = "UIInterfaceOrientationPortrait UIInterfaceOrientationLandscapeLeft UIInterfaceOrientationLandscapeRight";
				LD_RUNPATH_SEARCH_PATHS = (
					"$(inherited)",
					"@executable_path/Frameworks",
				);
				MARKETING_VERSION = 1.0;
				PRODUCT_BUNDLE_IDENTIFIER = com.ios3.StoryboardDemo;
				PRODUCT_NAME = "$(TARGET_NAME)";
				SWIFT_EMIT_LOC_STRINGS = YES;
				SWIFT_VERSION = 5.0;
				TARGETED_DEVICE_FAMILY = "1,2";
			};
			name = Debug;
		};
		527614A32B044A8B002CEF0C /* Release */ = {
			isa = XCBuildConfiguration;
			buildSettings = {
				ASSETCATALOG_COMPILER_APPICON_NAME = AppIcon;
				ASSETCATALOG_COMPILER_GLOBAL_ACCENT_COLOR_NAME = AccentColor;
				CODE_SIGN_STYLE = Automatic;
				CURRENT_PROJECT_VERSION = 1;
				DEVELOPMENT_TEAM = 8383VR3NFP;
				GENERATE_INFOPLIST_FILE = YES;
				INFOPLIST_FILE = StoryboardDemo/Info.plist;
				INFOPLIST_KEY_UIApplicationSupportsIndirectInputEvents = YES;
				INFOPLIST_KEY_UILaunchStoryboardName = LaunchScreen;
				INFOPLIST_KEY_UIMainStoryboardFile = Main;
				INFOPLIST_KEY_UISupportedInterfaceOrientations_iPad = "UIInterfaceOrientationPortrait UIInterfaceOrientationPortraitUpsideDown UIInterfaceOrientationLandscapeLeft UIInterfaceOrientationLandscapeRight";
				INFOPLIST_KEY_UISupportedInterfaceOrientations_iPhone = "UIInterfaceOrientationPortrait UIInterfaceOrientationLandscapeLeft UIInterfaceOrientationLandscapeRight";
				LD_RUNPATH_SEARCH_PATHS = (
					"$(inherited)",
					"@executable_path/Frameworks",
				);
				MARKETING_VERSION = 1.0;
				PRODUCT_BUNDLE_IDENTIFIER = com.ios3.StoryboardDemo;
				PRODUCT_NAME = "$(TARGET_NAME)";
				SWIFT_EMIT_LOC_STRINGS = YES;
				SWIFT_VERSION = 5.0;
				TARGETED_DEVICE_FAMILY = "1,2";
			};
			name = Release;
		};
/* End XCBuildConfiguration section */

/* Begin XCConfigurationList section */
		527614882B044A8A002CEF0C /* Build configuration list for PBXProject "StoryboardDemo" */ = {
			isa = XCConfigurationList;
			buildConfigurations = (
				5276149F2B044A8B002CEF0C /* Debug */,
				527614A02B044A8B002CEF0C /* Release */,
			);
			defaultConfigurationIsVisible = 0;
			defaultConfigurationName = Release;
		};
		527614A12B044A8B002CEF0C /* Build configuration list for PBXNativeTarget "StoryboardDemo" */ = {
			isa = XCConfigurationList;
			buildConfigurations = (
				527614A22B044A8B002CEF0C /* Debug */,
				527614A32B044A8B002CEF0C /* Release */,
			);
			defaultConfigurationIsVisible = 0;
			defaultConfigurationName = Release;
		};
/* End XCConfigurationList section */
	};
	rootObject = 527614852B044A8A002CEF0C /* Project object */;
}
