// !$*UTF8*$!
{
	archiveVersion = 1;
	classes = {
	};
	objectVersion = 56;
	objects = {

/* Begin PBXBuildFile section */
		52F7336F2B01A6FE00A7AE8A /* AppDelegate.swift in Sources */ = {isa = PBXBuildFile; fileRef = 52F7336E2B01A6FE00A7AE8A /* AppDelegate.swift */; };
		52F733712B01A6FE00A7AE8A /* SceneDelegate.swift in Sources */ = {isa = PBXBuildFile; fileRef = 52F733702B01A6FE00A7AE8A /* SceneDelegate.swift */; };
		52F733732B01A6FE00A7AE8A /* ViewController.swift in Sources */ = {isa = PBXBuildFile; fileRef = 52F733722B01A6FE00A7AE8A /* ViewController.swift */; };
		52F733762B01A6FE00A7AE8A /* Main.storyboard in Resources */ = {isa = PBXBuildFile; fileRef = 52F733742B01A6FE00A7AE8A /* Main.storyboard */; };
		52F733782B01A6FF00A7AE8A /* Assets.xcassets in Resources */ = {isa = PBXBuildFile; fileRef = 52F733772B01A6FF00A7AE8A /* Assets.xcassets */; };
		52F7337B2B01A6FF00A7AE8A /* LaunchScreen.storyboard in Resources */ = {isa = PBXBuildFile; fileRef = 52F733792B01A6FF00A7AE8A /* LaunchScreen.storyboard */; };
		52F733832B01C30900A7AE8A /* simon.png in Resources */ = {isa = PBXBuildFile; fileRef = 52F733822B01C30900A7AE8A /* simon.png */; };
		52F733852B01E07D00A7AE8A /* Ex_01.storyboard in Resources */ = {isa = PBXBuildFile; fileRef = 52F733842B01E07D00A7AE8A /* Ex_01.storyboard */; };
		52F733872B01E98900A7AE8A /* Ex_02.storyboard in Resources */ = {isa = PBXBuildFile; fileRef = 52F733862B01E98900A7AE8A /* Ex_02.storyboard */; };
		52F733892B01EAD500A7AE8A /* dog.png in Resources */ = {isa = PBXBuildFile; fileRef = 52F733882B01EAD500A7AE8A /* dog.png */; };
/* End PBXBuildFile section */

/* Begin PBXFileReference section */
		52F7336B2B01A6FE00A7AE8A /* TempConvertDemo.app */ = {isa = PBXFileReference; explicitFileType = wrapper.application; includeInIndex = 0; path = TempConvertDemo.app; sourceTree = BUILT_PRODUCTS_DIR; };
		52F7336E2B01A6FE00A7AE8A /* AppDelegate.swift */ = {isa = PBXFileReference; lastKnownFileType = sourcecode.swift; path = AppDelegate.swift; sourceTree = "<group>"; };
		52F733702B01A6FE00A7AE8A /* SceneDelegate.swift */ = {isa = PBXFileReference; lastKnownFileType = sourcecode.swift; path = SceneDelegate.swift; sourceTree = "<group>"; };
		52F733722B01A6FE00A7AE8A /* ViewController.swift */ = {isa = PBXFileReference; lastKnownFileType = sourcecode.swift; path = ViewController.swift; sourceTree = "<group>"; };
		52F733752B01A6FE00A7AE8A /* Base */ = {isa = PBXFileReference; lastKnownFileType = file.storyboard; name = Base; path = Base.lproj/Main.storyboard; sourceTree = "<group>"; };
		52F733772B01A6FF00A7AE8A /* Assets.xcassets */ = {isa = PBXFileReference; lastKnownFileType = folder.assetcatalog; path = Assets.xcassets; sourceTree = "<group>"; };
		52F7337A2B01A6FF00A7AE8A /* Base */ = {isa = PBXFileReference; lastKnownFileType = file.storyboard; name = Base; path = Base.lproj/LaunchScreen.storyboard; sourceTree = "<group>"; };
		52F7337C2B01A6FF00A7AE8A /* Info.plist */ = {isa = PBXFileReference; lastKnownFileType = text.plist.xml; path = Info.plist; sourceTree = "<group>"; };
		52F733822B01C30900A7AE8A /* simon.png */ = {isa = PBXFileReference; lastKnownFileType = image.png; path = simon.png; sourceTree = "<group>"; };
		52F733842B01E07D00A7AE8A /* Ex_01.storyboard */ = {isa = PBXFileReference; lastKnownFileType = file.storyboard; path = Ex_01.storyboard; sourceTree = "<group>"; };
		52F733862B01E98900A7AE8A /* Ex_02.storyboard */ = {isa = PBXFileReference; lastKnownFileType = file.storyboard; path = Ex_02.storyboard; sourceTree = "<group>"; };
		52F733882B01EAD500A7AE8A /* dog.png */ = {isa = PBXFileReference; lastKnownFileType = image.png; path = dog.png; sourceTree = "<group>"; };
/* End PBXFileReference section */

/* Begin PBXFrameworksBuildPhase section */
		52F733682B01A6FE00A7AE8A /* Frameworks */ = {
			isa = PBXFrameworksBuildPhase;
			buildActionMask = 2147483647;
			files = (
			);
			runOnlyForDeploymentPostprocessing = 0;
		};
/* End PBXFrameworksBuildPhase section */

/* Begin PBXGroup section */
		52F733622B01A6FE00A7AE8A = {
			isa = PBXGroup;
			children = (
				52F733862B01E98900A7AE8A /* Ex_02.storyboard */,
				52F7336D2B01A6FE00A7AE8A /* TempConvertDemo */,
				52F7336C2B01A6FE00A7AE8A /* Products */,
			);
			sourceTree = "<group>";
		};
		52F7336C2B01A6FE00A7AE8A /* Products */ = {
			isa = PBXGroup;
			children = (
				52F7336B2B01A6FE00A7AE8A /* TempConvertDemo.app */,
			);
			name = Products;
			sourceTree = "<group>";
		};
		52F7336D2B01A6FE00A7AE8A /* TempConvertDemo */ = {
			isa = PBXGroup;
			children = (
				52F7336E2B01A6FE00A7AE8A /* AppDelegate.swift */,
				52F733702B01A6FE00A7AE8A /* SceneDelegate.swift */,
				52F733722B01A6FE00A7AE8A /* ViewController.swift */,
				52F733742B01A6FE00A7AE8A /* Main.storyboard */,
				52F733842B01E07D00A7AE8A /* Ex_01.storyboard */,
				52F733822B01C30900A7AE8A /* simon.png */,
				52F733882B01EAD500A7AE8A /* dog.png */,
				52F733772B01A6FF00A7AE8A /* Assets.xcassets */,
				52F733792B01A6FF00A7AE8A /* LaunchScreen.storyboard */,
				52F7337C2B01A6FF00A7AE8A /* Info.plist */,
			);
			path = TempConvertDemo;
			sourceTree = "<group>";
		};
/* End PBXGroup section */

/* Begin PBXNativeTarget section */
		52F7336A2B01A6FE00A7AE8A /* TempConvertDemo */ = {
			isa = PBXNativeTarget;
			buildConfigurationList = 52F7337F2B01A6FF00A7AE8A /* Build configuration list for PBXNativeTarget "TempConvertDemo" */;
			buildPhases = (
				52F733672B01A6FE00A7AE8A /* Sources */,
				52F733682B01A6FE00A7AE8A /* Frameworks */,
				52F733692B01A6FE00A7AE8A /* Resources */,
			);
			buildRules = (
			);
			dependencies = (
			);
			name = TempConvertDemo;
			productName = TempConvertDemo;
			productReference = 52F7336B2B01A6FE00A7AE8A /* TempConvertDemo.app */;
			productType = "com.apple.product-type.application";
		};
/* End PBXNativeTarget section */

/* Begin PBXProject section */
		52F733632B01A6FE00A7AE8A /* Project object */ = {
			isa = PBXProject;
			attributes = {
				BuildIndependentTargetsInParallel = 1;
				LastSwiftUpdateCheck = 1500;
				LastUpgradeCheck = 1500;
				TargetAttributes = {
					52F7336A2B01A6FE00A7AE8A = {
						CreatedOnToolsVersion = 15.0;
					};
				};
			};
			buildConfigurationList = 52F733662B01A6FE00A7AE8A /* Build configuration list for PBXProject "TempConvertDemo" */;
			compatibilityVersion = "Xcode 14.0";
			developmentRegion = en;
			hasScannedForEncodings = 0;
			knownRegions = (
				en,
				Base,
			);
			mainGroup = 52F733622B01A6FE00A7AE8A;
			productRefGroup = 52F7336C2B01A6FE00A7AE8A /* Products */;
			projectDirPath = "";
			projectRoot = "";
			targets = (
				52F7336A2B01A6FE00A7AE8A /* TempConvertDemo */,
			);
		};
/* End PBXProject section */

/* Begin PBXResourcesBuildPhase section */
		52F733692B01A6FE00A7AE8A /* Resources */ = {
			isa = PBXResourcesBuildPhase;
			buildActionMask = 2147483647;
			files = (
				52F733892B01EAD500A7AE8A /* dog.png in Resources */,
				52F7337B2B01A6FF00A7AE8A /* LaunchScreen.storyboard in Resources */,
				52F733782B01A6FF00A7AE8A /* Assets.xcassets in Resources */,
				52F733852B01E07D00A7AE8A /* Ex_01.storyboard in Resources */,
				52F733872B01E98900A7AE8A /* Ex_02.storyboard in Resources */,
				52F733832B01C30900A7AE8A /* simon.png in Resources */,
				52F733762B01A6FE00A7AE8A /* Main.storyboard in Resources */,
			);
			runOnlyForDeploymentPostprocessing = 0;
		};
/* End PBXResourcesBuildPhase section */

/* Begin PBXSourcesBuildPhase section */
		52F733672B01A6FE00A7AE8A /* Sources */ = {
			isa = PBXSourcesBuildPhase;
			buildActionMask = 2147483647;
			files = (
				52F733732B01A6FE00A7AE8A /* ViewController.swift in Sources */,
				52F7336F2B01A6FE00A7AE8A /* AppDelegate.swift in Sources */,
				52F733712B01A6FE00A7AE8A /* SceneDelegate.swift in Sources */,
			);
			runOnlyForDeploymentPostprocessing = 0;
		};
/* End PBXSourcesBuildPhase section */

/* Begin PBXVariantGroup section */
		52F733742B01A6FE00A7AE8A /* Main.storyboard */ = {
			isa = PBXVariantGroup;
			children = (
				52F733752B01A6FE00A7AE8A /* Base */,
			);
			name = Main.storyboard;
			sourceTree = "<group>";
		};
		52F733792B01A6FF00A7AE8A /* LaunchScreen.storyboard */ = {
			isa = PBXVariantGroup;
			children = (
				52F7337A2B01A6FF00A7AE8A /* Base */,
			);
			name = LaunchScreen.storyboard;
			sourceTree = "<group>";
		};
/* End PBXVariantGroup section */

/* Begin XCBuildConfiguration section */
		52F7337D2B01A6FF00A7AE8A /* Debug */ = {
			isa = XCBuildConfiguration;
			buildSettings = {
				ALWAYS_SEARCH_USER_PATHS = NO;
				ASSETCATALOG_COMPILER_GENERATE_SWIFT_ASSET_SYMBOL_EXTENSIONS = YES;
				CLANG_ANALYZER_NONNULL = YES;
				CLANG_ANALYZER_NUMBER_OBJECT_CONVERSION = YES_AGGRESSIVE;
				CLANG_CXX_LANGUAGE_STANDARD = "gnu++20";
				CLANG_ENABLE_MODULES = YES;
				CLANG_ENABLE_OBJC_ARC = YES;
				CLANG_ENABLE_OBJC_WEAK = YES;
				CLANG_WARN_BLOCK_CAPTURE_AUTORELEASING = YES;
				CLANG_WARN_BOOL_CONVERSION = YES;
				CLANG_WARN_COMMA = YES;
				CLANG_WARN_CONSTANT_CONVERSION = YES;
				CLANG_WARN_DEPRECATED_OBJC_IMPLEMENTATIONS = YES;
				CLANG_WARN_DIRECT_OBJC_ISA_USAGE = YES_ERROR;
				CLANG_WARN_DOCUMENTATION_COMMENTS = YES;
				CLANG_WARN_EMPTY_BODY = YES;
				CLANG_WARN_ENUM_CONVERSION = YES;
				CLANG_WARN_INFINITE_RECURSION = YES;
				CLANG_WARN_INT_CONVERSION = YES;
				CLANG_WARN_NON_LITERAL_NULL_CONVERSION = YES;
				CLANG_WARN_OBJC_IMPLICIT_RETAIN_SELF = YES;
				CLANG_WARN_OBJC_LITERAL_CONVERSION = YES;
				CLANG_WARN_OBJC_ROOT_CLASS = YES_ERROR;
				CLANG_WARN_QUOTED_INCLUDE_IN_FRAMEWORK_HEADER = YES;
				CLANG_WARN_RANGE_LOOP_ANALYSIS = YES;
				CLANG_WARN_STRICT_PROTOTYPES = YES;
				CLANG_WARN_SUSPICIOUS_MOVE = YES;
				CLANG_WARN_UNGUARDED_AVAILABILITY = YES_AGGRESSIVE;
				CLANG_WARN_UNREACHABLE_CODE = YES;
				CLANG_WARN__DUPLICATE_METHOD_MATCH = YES;
				COPY_PHASE_STRIP = NO;
				DEBUG_INFORMATION_FORMAT = dwarf;
				ENABLE_STRICT_OBJC_MSGSEND = YES;
				ENABLE_TESTABILITY = YES;
				ENABLE_USER_SCRIPT_SANDBOXING = YES;
				GCC_C_LANGUAGE_STANDARD = gnu17;
				GCC_DYNAMIC_NO_PIC = NO;
				GCC_NO_COMMON_BLOCKS = YES;
				GCC_OPTIMIZATION_LEVEL = 0;
				GCC_PREPROCESSOR_DEFINITIONS = (
					"DEBUG=1",
					"$(inherited)",
				);
				GCC_WARN_64_TO_32_BIT_CONVERSION = YES;
				GCC_WARN_ABOUT_RETURN_TYPE = YES_ERROR;
				GCC_WARN_UNDECLARED_SELECTOR = YES;
				GCC_WARN_UNINITIALIZED_AUTOS = YES_AGGRESSIVE;
				GCC_WARN_UNUSED_FUNCTION = YES;
				GCC_WARN_UNUSED_VARIABLE = YES;
				IPHONEOS_DEPLOYMENT_TARGET = 17.0;
				LOCALIZATION_PREFERS_STRING_CATALOGS = YES;
				MTL_ENABLE_DEBUG_INFO = INCLUDE_SOURCE;
				MTL_FAST_MATH = YES;
				ONLY_ACTIVE_ARCH = YES;
				SDKROOT = iphoneos;
				SWIFT_ACTIVE_COMPILATION_CONDITIONS = "DEBUG $(inherited)";
				SWIFT_OPTIMIZATION_LEVEL = "-Onone";
			};
			name = Debug;
		};
		52F7337E2B01A6FF00A7AE8A /* Release */ = {
			isa = XCBuildConfiguration;
			buildSettings = {
				ALWAYS_SEARCH_USER_PATHS = NO;
				ASSETCATALOG_COMPILER_GENERATE_SWIFT_ASSET_SYMBOL_EXTENSIONS = YES;
				CLANG_ANALYZER_NONNULL = YES;
				CLANG_ANALYZER_NUMBER_OBJECT_CONVERSION = YES_AGGRESSIVE;
				CLANG_CXX_LANGUAGE_STANDARD = "gnu++20";
				CLANG_ENABLE_MODULES = YES;
				CLANG_ENABLE_OBJC_ARC = YES;
				CLANG_ENABLE_OBJC_WEAK = YES;
				CLANG_WARN_BLOCK_CAPTURE_AUTORELEASING = YES;
				CLANG_WARN_BOOL_CONVERSION = YES;
				CLANG_WARN_COMMA = YES;
				CLANG_WARN_CONSTANT_CONVERSION = YES;
				CLANG_WARN_DEPRECATED_OBJC_IMPLEMENTATIONS = YES;
				CLANG_WARN_DIRECT_OBJC_ISA_USAGE = YES_ERROR;
				CLANG_WARN_DOCUMENTATION_COMMENTS = YES;
				CLANG_WARN_EMPTY_BODY = YES;
				CLANG_WARN_ENUM_CONVERSION = YES;
				CLANG_WARN_INFINITE_RECURSION = YES;
				CLANG_WARN_INT_CONVERSION = YES;
				CLANG_WARN_NON_LITERAL_NULL_CONVERSION = YES;
				CLANG_WARN_OBJC_IMPLICIT_RETAIN_SELF = YES;
				CLANG_WARN_OBJC_LITERAL_CONVERSION = YES;
				CLANG_WARN_OBJC_ROOT_CLASS = YES_ERROR;
				CLANG_WARN_QUOTED_INCLUDE_IN_FRAMEWORK_HEADER = YES;
				CLANG_WARN_RANGE_LOOP_ANALYSIS = YES;
				CLANG_WARN_STRICT_PROTOTYPES = YES;
				CLANG_WARN_SUSPICIOUS_MOVE = YES;
				CLANG_WARN_UNGUARDED_AVAILABILITY = YES_AGGRESSIVE;
				CLANG_WARN_UNREACHABLE_CODE = YES;
				CLANG_WARN__DUPLICATE_METHOD_MATCH = YES;
				COPY_PHASE_STRIP = NO;
				DEBUG_INFORMATION_FORMAT = "dwarf-with-dsym";
				ENABLE_NS_ASSERTIONS = NO;
				ENABLE_STRICT_OBJC_MSGSEND = YES;
				ENABLE_USER_SCRIPT_SANDBOXING = YES;
				GCC_C_LANGUAGE_STANDARD = gnu17;
				GCC_NO_COMMON_BLOCKS = YES;
				GCC_WARN_64_TO_32_BIT_CONVERSION = YES;
				GCC_WARN_ABOUT_RETURN_TYPE = YES_ERROR;
				GCC_WARN_UNDECLARED_SELECTOR = YES;
				GCC_WARN_UNINITIALIZED_AUTOS = YES_AGGRESSIVE;
				GCC_WARN_UNUSED_FUNCTION = YES;
				GCC_WARN_UNUSED_VARIABLE = YES;
				IPHONEOS_DEPLOYMENT_TARGET = 17.0;
				LOCALIZATION_PREFERS_STRING_CATALOGS = YES;
				MTL_ENABLE_DEBUG_INFO = NO;
				MTL_FAST_MATH = YES;
				SDKROOT = iphoneos;
				SWIFT_COMPILATION_MODE = wholemodule;
				VALIDATE_PRODUCT = YES;
			};
			name = Release;
		};
		52F733802B01A6FF00A7AE8A /* Debug */ = {
			isa = XCBuildConfiguration;
			buildSettings = {
				ASSETCATALOG_COMPILER_APPICON_NAME = AppIcon;
				ASSETCATALOG_COMPILER_GLOBAL_ACCENT_COLOR_NAME = AccentColor;
				CODE_SIGN_STYLE = Automatic;
				CURRENT_PROJECT_VERSION = 1;
				DEVELOPMENT_TEAM = 8383VR3NFP;
				GENERATE_INFOPLIST_FILE = YES;
				INFOPLIST_FILE = TempConvertDemo/Info.plist;
				INFOPLIST_KEY_UIApplicationSupportsIndirectInputEvents = YES;
				INFOPLIST_KEY_UILaunchStoryboardName = LaunchScreen;
				INFOPLIST_KEY_UIMainStoryboardFile = Main;
				INFOPLIST_KEY_UISupportedInterfaceOrientations_iPad = "UIInterfaceOrientationPortrait UIInterfaceOrientationPortraitUpsideDown UIInterfaceOrientationLandscapeLeft UIInterfaceOrientationLandscapeRight";
				INFOPLIST_KEY_UISupportedInterfaceOrientations_iPhone = "UIInterfaceOrientationPortrait UIInterfaceOrientationLandscapeLeft UIInterfaceOrientationLandscapeRight";
				IPHONEOS_DEPLOYMENT_TARGET = 16.4;
				LD_RUNPATH_SEARCH_PATHS = (
					"$(inherited)",
					"@executable_path/Frameworks",
				);
				MARKETING_VERSION = 1.0;
				PRODUCT_BUNDLE_IDENTIFIER = com.ios3.TempConvertDemo;
				PRODUCT_NAME = "$(TARGET_NAME)";
				SWIFT_EMIT_LOC_STRINGS = YES;
				SWIFT_VERSION = 5.0;
				TARGETED_DEVICE_FAMILY = "1,2";
			};
			name = Debug;
		};
		52F733812B01A6FF00A7AE8A /* Release */ = {
			isa = XCBuildConfiguration;
			buildSettings = {
				ASSETCATALOG_COMPILER_APPICON_NAME = AppIcon;
				ASSETCATALOG_COMPILER_GLOBAL_ACCENT_COLOR_NAME = AccentColor;
				CODE_SIGN_STYLE = Automatic;
				CURRENT_PROJECT_VERSION = 1;
				DEVELOPMENT_TEAM = 8383VR3NFP;
				GENERATE_INFOPLIST_FILE = YES;
				INFOPLIST_FILE = TempConvertDemo/Info.plist;
				INFOPLIST_KEY_UIApplicationSupportsIndirectInputEvents = YES;
				INFOPLIST_KEY_UILaunchStoryboardName = LaunchScreen;
				INFOPLIST_KEY_UIMainStoryboardFile = Main;
				INFOPLIST_KEY_UISupportedInterfaceOrientations_iPad = "UIInterfaceOrientationPortrait UIInterfaceOrientationPortraitUpsideDown UIInterfaceOrientationLandscapeLeft UIInterfaceOrientationLandscapeRight";
				INFOPLIST_KEY_UISupportedInterfaceOrientations_iPhone = "UIInterfaceOrientationPortrait UIInterfaceOrientationLandscapeLeft UIInterfaceOrientationLandscapeRight";
				IPHONEOS_DEPLOYMENT_TARGET = 16.4;
				LD_RUNPATH_SEARCH_PATHS = (
					"$(inherited)",
					"@executable_path/Frameworks",
				);
				MARKETING_VERSION = 1.0;
				PRODUCT_BUNDLE_IDENTIFIER = com.ios3.TempConvertDemo;
				PRODUCT_NAME = "$(TARGET_NAME)";
				SWIFT_EMIT_LOC_STRINGS = YES;
				SWIFT_VERSION = 5.0;
				TARGETED_DEVICE_FAMILY = "1,2";
			};
			name = Release;
		};
/* End XCBuildConfiguration section */

/* Begin XCConfigurationList section */
		52F733662B01A6FE00A7AE8A /* Build configuration list for PBXProject "TempConvertDemo" */ = {
			isa = XCConfigurationList;
			buildConfigurations = (
				52F7337D2B01A6FF00A7AE8A /* Debug */,
				52F7337E2B01A6FF00A7AE8A /* Release */,
			);
			defaultConfigurationIsVisible = 0;
			defaultConfigurationName = Release;
		};
		52F7337F2B01A6FF00A7AE8A /* Build configuration list for PBXNativeTarget "TempConvertDemo" */ = {
			isa = XCConfigurationList;
			buildConfigurations = (
				52F733802B01A6FF00A7AE8A /* Debug */,
				52F733812B01A6FF00A7AE8A /* Release */,
			);
			defaultConfigurationIsVisible = 0;
			defaultConfigurationName = Release;
		};
/* End XCConfigurationList section */
	};
	rootObject = 52F733632B01A6FE00A7AE8A /* Project object */;
}
